// !$*UTF8*$!
{
	archiveVersion = 1;
	classes = {
	};
	objectVersion = 56;
	objects = {

/* Begin PBXBuildFile section */
		111DF64898DED0FBF39D7E41 /* libPods-Chat.a in Frameworks */ = {isa = PBXBuildFile; fileRef = D2273D5353626A4BB868503B /* libPods-Chat.a */; };
		D225491D2909CBEF00E42BFD /* UIView + Extension .swift in Sources */ = {isa = PBXBuildFile; fileRef = D225491C2909CBEF00E42BFD /* UIView + Extension .swift */; };
		D225491F290A474100E42BFD /* UIStackView + Extension.swift in Sources */ = {isa = PBXBuildFile; fileRef = D225491E290A474100E42BFD /* UIStackView + Extension.swift */; };
		D2254922290A55CF00E42BFD /* SignUpViewController.swift in Sources */ = {isa = PBXBuildFile; fileRef = D2254921290A55CF00E42BFD /* SignUpViewController.swift */; };
		D2254926290A59E100E42BFD /* UITextField + Extension .swift in Sources */ = {isa = PBXBuildFile; fileRef = D2254925290A59E100E42BFD /* UITextField + Extension .swift */; };
		D2254929290B1DB400E42BFD /* LoginViewController.swift in Sources */ = {isa = PBXBuildFile; fileRef = D2254928290B1DB400E42BFD /* LoginViewController.swift */; };
		D225492C290B2B7500E42BFD /* SetupProfileViewController.swift in Sources */ = {isa = PBXBuildFile; fileRef = D225492B290B2B7500E42BFD /* SetupProfileViewController.swift */; };
		D225492F290C9D1500E42BFD /* ChatViewController.swift in Sources */ = {isa = PBXBuildFile; fileRef = D225492E290C9D1500E42BFD /* ChatViewController.swift */; };
		D2254932290CA7BD00E42BFD /* ChatCell.swift in Sources */ = {isa = PBXBuildFile; fileRef = D2254931290CA7BC00E42BFD /* ChatCell.swift */; };
		D2254934290CB06500E42BFD /* AuthorizationWorker.swift in Sources */ = {isa = PBXBuildFile; fileRef = D2254933290CB06500E42BFD /* AuthorizationWorker.swift */; };
		D2272ABF290CEF2000CAC710 /* SectionHeader.swift in Sources */ = {isa = PBXBuildFile; fileRef = D2272ABE290CEF2000CAC710 /* SectionHeader.swift */; };
		D22E1473290757B300F762CE /* AssemblyLayer.swift in Sources */ = {isa = PBXBuildFile; fileRef = D22E1472290757B300F762CE /* AssemblyLayer.swift */; };
		D22E147629075A8D00F762CE /* AuthorizationModels.swift in Sources */ = {isa = PBXBuildFile; fileRef = D22E147529075A8D00F762CE /* AuthorizationModels.swift */; };
		D22E147A29075AAD00F762CE /* AuthorizationInteractor.swift in Sources */ = {isa = PBXBuildFile; fileRef = D22E147929075AAD00F762CE /* AuthorizationInteractor.swift */; };
		D22E147C29075AB600F762CE /* AuthorizationPresenter.swift in Sources */ = {isa = PBXBuildFile; fileRef = D22E147B29075AB600F762CE /* AuthorizationPresenter.swift */; };
		D22E148029075AD500F762CE /* AuthorizationRouter.swift in Sources */ = {isa = PBXBuildFile; fileRef = D22E147F29075AD500F762CE /* AuthorizationRouter.swift */; };
		D22E148229075B0500F762CE /* AuthorizationViewController.swift in Sources */ = {isa = PBXBuildFile; fileRef = D22E148129075B0500F762CE /* AuthorizationViewController.swift */; };
		D22E148529075BC400F762CE /* AuthorizationInteractorTest.swift in Sources */ = {isa = PBXBuildFile; fileRef = D22E148429075BC400F762CE /* AuthorizationInteractorTest.swift */; };
		D22E148729075C0500F762CE /* AuthorizationPresenterTest.swift in Sources */ = {isa = PBXBuildFile; fileRef = D22E148629075C0500F762CE /* AuthorizationPresenterTest.swift */; };
		D22E148929075C1600F762CE /* AuthorizationViewControllerTest.swift in Sources */ = {isa = PBXBuildFile; fileRef = D22E148829075C1600F762CE /* AuthorizationViewControllerTest.swift */; };
		D22E148B29075C2A00F762CE /* AuthorizationRouterTest.swift in Sources */ = {isa = PBXBuildFile; fileRef = D22E148A29075C2A00F762CE /* AuthorizationRouterTest.swift */; };
		D22E148D29075C4700F762CE /* AuthorizationWorkerTest.swift in Sources */ = {isa = PBXBuildFile; fileRef = D22E148C29075C4700F762CE /* AuthorizationWorkerTest.swift */; };
		D22E1491290993EB00F762CE /* UIButton + Extension.swift in Sources */ = {isa = PBXBuildFile; fileRef = D22E1490290993EB00F762CE /* UIButton + Extension.swift */; };
		D22E14932909A0F600F762CE /* UILabel + Extension.swift in Sources */ = {isa = PBXBuildFile; fileRef = D22E14922909A0F600F762CE /* UILabel + Extension.swift */; };
		D22F8D9E290CF4EA00527B36 /* TabBarController.swift in Sources */ = {isa = PBXBuildFile; fileRef = D22F8D9D290CF4EA00527B36 /* TabBarController.swift */; };
		D2B125272905DCE800D7CC7F /* AppDelegate.swift in Sources */ = {isa = PBXBuildFile; fileRef = D2B125262905DCE800D7CC7F /* AppDelegate.swift */; };
		D2B125292905DCE800D7CC7F /* SceneDelegate.swift in Sources */ = {isa = PBXBuildFile; fileRef = D2B125282905DCE800D7CC7F /* SceneDelegate.swift */; };
		D2B125302905DCE900D7CC7F /* Assets.xcassets in Resources */ = {isa = PBXBuildFile; fileRef = D2B1252F2905DCE900D7CC7F /* Assets.xcassets */; };
		D2B125332905DCE900D7CC7F /* LaunchScreen.storyboard in Resources */ = {isa = PBXBuildFile; fileRef = D2B125312905DCE900D7CC7F /* LaunchScreen.storyboard */; };
		D2B125482905DCEA00D7CC7F /* ChatUITests.swift in Sources */ = {isa = PBXBuildFile; fileRef = D2B125472905DCEA00D7CC7F /* ChatUITests.swift */; };
		D2B1254A2905DCEA00D7CC7F /* ChatUITestsLaunchTests.swift in Sources */ = {isa = PBXBuildFile; fileRef = D2B125492905DCEA00D7CC7F /* ChatUITestsLaunchTests.swift */; };
/* End PBXBuildFile section */

/* Begin PBXContainerItemProxy section */
		D2B1253A2905DCEA00D7CC7F /* PBXContainerItemProxy */ = {
			isa = PBXContainerItemProxy;
			containerPortal = D2B1251B2905DCE800D7CC7F /* Project object */;
			proxyType = 1;
			remoteGlobalIDString = D2B125222905DCE800D7CC7F;
			remoteInfo = Chat;
		};
		D2B125442905DCEA00D7CC7F /* PBXContainerItemProxy */ = {
			isa = PBXContainerItemProxy;
			containerPortal = D2B1251B2905DCE800D7CC7F /* Project object */;
			proxyType = 1;
			remoteGlobalIDString = D2B125222905DCE800D7CC7F;
			remoteInfo = Chat;
		};
/* End PBXContainerItemProxy section */

/* Begin PBXFileReference section */
		3D8D4BD1675EA86743B9F6AE /* Pods-Chat.release.xcconfig */ = {isa = PBXFileReference; includeInIndex = 1; lastKnownFileType = text.xcconfig; name = "Pods-Chat.release.xcconfig"; path = "Target Support Files/Pods-Chat/Pods-Chat.release.xcconfig"; sourceTree = "<group>"; };
		D225491C2909CBEF00E42BFD /* UIView + Extension .swift */ = {isa = PBXFileReference; lastKnownFileType = sourcecode.swift; path = "UIView + Extension .swift"; sourceTree = "<group>"; };
		D225491E290A474100E42BFD /* UIStackView + Extension.swift */ = {isa = PBXFileReference; lastKnownFileType = sourcecode.swift; path = "UIStackView + Extension.swift"; sourceTree = "<group>"; };
		D2254921290A55CF00E42BFD /* SignUpViewController.swift */ = {isa = PBXFileReference; lastKnownFileType = sourcecode.swift; path = SignUpViewController.swift; sourceTree = "<group>"; };
		D2254925290A59E100E42BFD /* UITextField + Extension .swift */ = {isa = PBXFileReference; lastKnownFileType = sourcecode.swift; path = "UITextField + Extension .swift"; sourceTree = "<group>"; };
		D2254928290B1DB400E42BFD /* LoginViewController.swift */ = {isa = PBXFileReference; lastKnownFileType = sourcecode.swift; path = LoginViewController.swift; sourceTree = "<group>"; };
		D225492B290B2B7500E42BFD /* SetupProfileViewController.swift */ = {isa = PBXFileReference; lastKnownFileType = sourcecode.swift; path = SetupProfileViewController.swift; sourceTree = "<group>"; };
		D225492E290C9D1500E42BFD /* ChatViewController.swift */ = {isa = PBXFileReference; lastKnownFileType = sourcecode.swift; path = ChatViewController.swift; sourceTree = "<group>"; };
		D2254931290CA7BC00E42BFD /* ChatCell.swift */ = {isa = PBXFileReference; lastKnownFileType = sourcecode.swift; path = ChatCell.swift; sourceTree = "<group>"; };
		D2254933290CB06500E42BFD /* AuthorizationWorker.swift */ = {isa = PBXFileReference; lastKnownFileType = sourcecode.swift; path = AuthorizationWorker.swift; sourceTree = "<group>"; };
		D2272ABE290CEF2000CAC710 /* SectionHeader.swift */ = {isa = PBXFileReference; lastKnownFileType = sourcecode.swift; path = SectionHeader.swift; sourceTree = "<group>"; };
		D2273D5353626A4BB868503B /* libPods-Chat.a */ = {isa = PBXFileReference; explicitFileType = archive.ar; includeInIndex = 0; path = "libPods-Chat.a"; sourceTree = BUILT_PRODUCTS_DIR; };
		D22E1472290757B300F762CE /* AssemblyLayer.swift */ = {isa = PBXFileReference; lastKnownFileType = sourcecode.swift; path = AssemblyLayer.swift; sourceTree = "<group>"; };
		D22E147529075A8D00F762CE /* AuthorizationModels.swift */ = {isa = PBXFileReference; lastKnownFileType = sourcecode.swift; path = AuthorizationModels.swift; sourceTree = "<group>"; };
		D22E147929075AAD00F762CE /* AuthorizationInteractor.swift */ = {isa = PBXFileReference; lastKnownFileType = sourcecode.swift; path = AuthorizationInteractor.swift; sourceTree = "<group>"; };
		D22E147B29075AB600F762CE /* AuthorizationPresenter.swift */ = {isa = PBXFileReference; lastKnownFileType = sourcecode.swift; path = AuthorizationPresenter.swift; sourceTree = "<group>"; };
		D22E147F29075AD500F762CE /* AuthorizationRouter.swift */ = {isa = PBXFileReference; lastKnownFileType = sourcecode.swift; path = AuthorizationRouter.swift; sourceTree = "<group>"; };
		D22E148129075B0500F762CE /* AuthorizationViewController.swift */ = {isa = PBXFileReference; lastKnownFileType = sourcecode.swift; path = AuthorizationViewController.swift; sourceTree = "<group>"; };
		D22E148429075BC400F762CE /* AuthorizationInteractorTest.swift */ = {isa = PBXFileReference; lastKnownFileType = sourcecode.swift; path = AuthorizationInteractorTest.swift; sourceTree = "<group>"; };
		D22E148629075C0500F762CE /* AuthorizationPresenterTest.swift */ = {isa = PBXFileReference; lastKnownFileType = sourcecode.swift; path = AuthorizationPresenterTest.swift; sourceTree = "<group>"; };
		D22E148829075C1600F762CE /* AuthorizationViewControllerTest.swift */ = {isa = PBXFileReference; lastKnownFileType = sourcecode.swift; path = AuthorizationViewControllerTest.swift; sourceTree = "<group>"; };
		D22E148A29075C2A00F762CE /* AuthorizationRouterTest.swift */ = {isa = PBXFileReference; lastKnownFileType = sourcecode.swift; path = AuthorizationRouterTest.swift; sourceTree = "<group>"; };
		D22E148C29075C4700F762CE /* AuthorizationWorkerTest.swift */ = {isa = PBXFileReference; lastKnownFileType = sourcecode.swift; path = AuthorizationWorkerTest.swift; sourceTree = "<group>"; };
		D22E1490290993EB00F762CE /* UIButton + Extension.swift */ = {isa = PBXFileReference; lastKnownFileType = sourcecode.swift; path = "UIButton + Extension.swift"; sourceTree = "<group>"; };
		D22E14922909A0F600F762CE /* UILabel + Extension.swift */ = {isa = PBXFileReference; lastKnownFileType = sourcecode.swift; path = "UILabel + Extension.swift"; sourceTree = "<group>"; };
		D22F8D9D290CF4EA00527B36 /* TabBarController.swift */ = {isa = PBXFileReference; lastKnownFileType = sourcecode.swift; path = TabBarController.swift; sourceTree = "<group>"; };
		D2B125232905DCE800D7CC7F /* Chat.app */ = {isa = PBXFileReference; explicitFileType = wrapper.application; includeInIndex = 0; path = Chat.app; sourceTree = BUILT_PRODUCTS_DIR; };
		D2B125262905DCE800D7CC7F /* AppDelegate.swift */ = {isa = PBXFileReference; lastKnownFileType = sourcecode.swift; path = AppDelegate.swift; sourceTree = "<group>"; };
		D2B125282905DCE800D7CC7F /* SceneDelegate.swift */ = {isa = PBXFileReference; lastKnownFileType = sourcecode.swift; path = SceneDelegate.swift; sourceTree = "<group>"; };
		D2B1252F2905DCE900D7CC7F /* Assets.xcassets */ = {isa = PBXFileReference; lastKnownFileType = folder.assetcatalog; path = Assets.xcassets; sourceTree = "<group>"; };
		D2B125322905DCE900D7CC7F /* Base */ = {isa = PBXFileReference; lastKnownFileType = file.storyboard; name = Base; path = Base.lproj/LaunchScreen.storyboard; sourceTree = "<group>"; };
		D2B125342905DCE900D7CC7F /* Info.plist */ = {isa = PBXFileReference; lastKnownFileType = text.plist.xml; path = Info.plist; sourceTree = "<group>"; };
		D2B125392905DCEA00D7CC7F /* ChatTests.xctest */ = {isa = PBXFileReference; explicitFileType = wrapper.cfbundle; includeInIndex = 0; path = ChatTests.xctest; sourceTree = BUILT_PRODUCTS_DIR; };
		D2B125432905DCEA00D7CC7F /* ChatUITests.xctest */ = {isa = PBXFileReference; explicitFileType = wrapper.cfbundle; includeInIndex = 0; path = ChatUITests.xctest; sourceTree = BUILT_PRODUCTS_DIR; };
		D2B125472905DCEA00D7CC7F /* ChatUITests.swift */ = {isa = PBXFileReference; lastKnownFileType = sourcecode.swift; path = ChatUITests.swift; sourceTree = "<group>"; };
		D2B125492905DCEA00D7CC7F /* ChatUITestsLaunchTests.swift */ = {isa = PBXFileReference; lastKnownFileType = sourcecode.swift; path = ChatUITestsLaunchTests.swift; sourceTree = "<group>"; };
		FC062E51FBF0A2296EBC99AD /* Pods-Chat.debug.xcconfig */ = {isa = PBXFileReference; includeInIndex = 1; lastKnownFileType = text.xcconfig; name = "Pods-Chat.debug.xcconfig"; path = "Target Support Files/Pods-Chat/Pods-Chat.debug.xcconfig"; sourceTree = "<group>"; };
/* End PBXFileReference section */

/* Begin PBXFrameworksBuildPhase section */
		D2B125202905DCE800D7CC7F /* Frameworks */ = {
			isa = PBXFrameworksBuildPhase;
			buildActionMask = 2147483647;
			files = (
				111DF64898DED0FBF39D7E41 /* libPods-Chat.a in Frameworks */,
			);
			runOnlyForDeploymentPostprocessing = 0;
		};
		D2B125362905DCEA00D7CC7F /* Frameworks */ = {
			isa = PBXFrameworksBuildPhase;
			buildActionMask = 2147483647;
			files = (
			);
			runOnlyForDeploymentPostprocessing = 0;
		};
		D2B125402905DCEA00D7CC7F /* Frameworks */ = {
			isa = PBXFrameworksBuildPhase;
			buildActionMask = 2147483647;
			files = (
			);
			runOnlyForDeploymentPostprocessing = 0;
		};
/* End PBXFrameworksBuildPhase section */

/* Begin PBXGroup section */
		40D942757ED521B69D6281E6 /* Frameworks */ = {
			isa = PBXGroup;
			children = (
				D2273D5353626A4BB868503B /* libPods-Chat.a */,
			);
			name = Frameworks;
			sourceTree = "<group>";
		};
		772B143386B599D8F39E8E57 /* Pods */ = {
			isa = PBXGroup;
			children = (
				FC062E51FBF0A2296EBC99AD /* Pods-Chat.debug.xcconfig */,
				3D8D4BD1675EA86743B9F6AE /* Pods-Chat.release.xcconfig */,
			);
			path = Pods;
			sourceTree = "<group>";
		};
		D2254920290A4AA100E42BFD /* SignUp */ = {
			isa = PBXGroup;
			children = (
				D2254921290A55CF00E42BFD /* SignUpViewController.swift */,
			);
			path = SignUp;
			sourceTree = "<group>";
		};
		D2254927290B1D9900E42BFD /* Login */ = {
			isa = PBXGroup;
			children = (
				D2254928290B1DB400E42BFD /* LoginViewController.swift */,
			);
			path = Login;
			sourceTree = "<group>";
		};
		D225492A290B2B1C00E42BFD /* SetupProfile */ = {
			isa = PBXGroup;
			children = (
				D225492B290B2B7500E42BFD /* SetupProfileViewController.swift */,
			);
			path = SetupProfile;
			sourceTree = "<group>";
		};
		D225492D290C9D0600E42BFD /* Chat */ = {
			isa = PBXGroup;
			children = (
				D225492E290C9D1500E42BFD /* ChatViewController.swift */,
				D2254931290CA7BC00E42BFD /* ChatCell.swift */,
				D2272ABE290CEF2000CAC710 /* SectionHeader.swift */,
			);
			path = Chat;
			sourceTree = "<group>";
		};
		D2254930290C9D4600E42BFD /* Modules */ = {
			isa = PBXGroup;
			children = (
				D22E1474290757FA00F762CE /* Authorization */,
				D2254920290A4AA100E42BFD /* SignUp */,
				D2254927290B1D9900E42BFD /* Login */,
				D225492A290B2B1C00E42BFD /* SetupProfile */,
				D225492D290C9D0600E42BFD /* Chat */,
			);
			path = Modules;
			sourceTree = "<group>";
		};
		D2272AC0290CF3A200CAC710 /* TabBarController */ = {
			isa = PBXGroup;
			children = (
				D22F8D9D290CF4EA00527B36 /* TabBarController.swift */,
			);
			path = TabBarController;
			sourceTree = "<group>";
		};
		D22E14712907579200F762CE /* AssemblyLayer */ = {
			isa = PBXGroup;
			children = (
				D22E1472290757B300F762CE /* AssemblyLayer.swift */,
			);
			path = AssemblyLayer;
			sourceTree = "<group>";
		};
		D22E1474290757FA00F762CE /* Authorization */ = {
			isa = PBXGroup;
			children = (
				D22E147529075A8D00F762CE /* AuthorizationModels.swift */,
				D2254933290CB06500E42BFD /* AuthorizationWorker.swift */,
				D22E147929075AAD00F762CE /* AuthorizationInteractor.swift */,
				D22E147B29075AB600F762CE /* AuthorizationPresenter.swift */,
				D22E148129075B0500F762CE /* AuthorizationViewController.swift */,
				D22E147F29075AD500F762CE /* AuthorizationRouter.swift */,
			);
			path = Authorization;
			sourceTree = "<group>";
		};
		D22E148329075B4D00F762CE /* AuthorizationTests */ = {
			isa = PBXGroup;
			children = (
				D22E148C29075C4700F762CE /* AuthorizationWorkerTest.swift */,
				D22E148429075BC400F762CE /* AuthorizationInteractorTest.swift */,
				D22E148629075C0500F762CE /* AuthorizationPresenterTest.swift */,
				D22E148829075C1600F762CE /* AuthorizationViewControllerTest.swift */,
				D22E148A29075C2A00F762CE /* AuthorizationRouterTest.swift */,
			);
			path = AuthorizationTests;
			sourceTree = "<group>";
		};
		D22E148E2909939E00F762CE /* Extensions */ = {
			isa = PBXGroup;
			children = (
				D22E148F290993B300F762CE /* UIKit */,
			);
			path = Extensions;
			sourceTree = "<group>";
		};
		D22E148F290993B300F762CE /* UIKit */ = {
			isa = PBXGroup;
			children = (
				D22E1490290993EB00F762CE /* UIButton + Extension.swift */,
				D22E14922909A0F600F762CE /* UILabel + Extension.swift */,
				D225491C2909CBEF00E42BFD /* UIView + Extension .swift */,
				D225491E290A474100E42BFD /* UIStackView + Extension.swift */,
				D2254925290A59E100E42BFD /* UITextField + Extension .swift */,
			);
			path = UIKit;
			sourceTree = "<group>";
		};
		D2B1251A2905DCE800D7CC7F = {
			isa = PBXGroup;
			children = (
				D2B125252905DCE800D7CC7F /* Chat */,
				D2B1253C2905DCEA00D7CC7F /* ChatTests */,
				D2B125462905DCEA00D7CC7F /* ChatUITests */,
				D2B125242905DCE800D7CC7F /* Products */,
				772B143386B599D8F39E8E57 /* Pods */,
				40D942757ED521B69D6281E6 /* Frameworks */,
			);
			sourceTree = "<group>";
		};
		D2B125242905DCE800D7CC7F /* Products */ = {
			isa = PBXGroup;
			children = (
				D2B125232905DCE800D7CC7F /* Chat.app */,
				D2B125392905DCEA00D7CC7F /* ChatTests.xctest */,
				D2B125432905DCEA00D7CC7F /* ChatUITests.xctest */,
			);
			name = Products;
			sourceTree = "<group>";
		};
		D2B125252905DCE800D7CC7F /* Chat */ = {
			isa = PBXGroup;
			children = (
				D2B125562905DD2600D7CC7F /* Application */,
				D2B125572905DD3700D7CC7F /* SupportingFiles */,
				D22E148E2909939E00F762CE /* Extensions */,
				D22E14712907579200F762CE /* AssemblyLayer */,
				D2272AC0290CF3A200CAC710 /* TabBarController */,
				D2254930290C9D4600E42BFD /* Modules */,
			);
			path = Chat;
			sourceTree = "<group>";
		};
		D2B1253C2905DCEA00D7CC7F /* ChatTests */ = {
			isa = PBXGroup;
			children = (
				D22E148329075B4D00F762CE /* AuthorizationTests */,
			);
			path = ChatTests;
			sourceTree = "<group>";
		};
		D2B125462905DCEA00D7CC7F /* ChatUITests */ = {
			isa = PBXGroup;
			children = (
				D2B125472905DCEA00D7CC7F /* ChatUITests.swift */,
				D2B125492905DCEA00D7CC7F /* ChatUITestsLaunchTests.swift */,
			);
			path = ChatUITests;
			sourceTree = "<group>";
		};
		D2B125562905DD2600D7CC7F /* Application */ = {
			isa = PBXGroup;
			children = (
				D2B125262905DCE800D7CC7F /* AppDelegate.swift */,
				D2B125282905DCE800D7CC7F /* SceneDelegate.swift */,
			);
			path = Application;
			sourceTree = "<group>";
		};
		D2B125572905DD3700D7CC7F /* SupportingFiles */ = {
			isa = PBXGroup;
			children = (
				D2B1252F2905DCE900D7CC7F /* Assets.xcassets */,
				D2B125312905DCE900D7CC7F /* LaunchScreen.storyboard */,
				D2B125342905DCE900D7CC7F /* Info.plist */,
			);
			path = SupportingFiles;
			sourceTree = "<group>";
		};
/* End PBXGroup section */

/* Begin PBXNativeTarget section */
		D2B125222905DCE800D7CC7F /* Chat */ = {
			isa = PBXNativeTarget;
			buildConfigurationList = D2B1254D2905DCEA00D7CC7F /* Build configuration list for PBXNativeTarget "Chat" */;
			buildPhases = (
				89A468843676D7D72E75033D /* [CP] Check Pods Manifest.lock */,
				D2B1251F2905DCE800D7CC7F /* Sources */,
				D2B125202905DCE800D7CC7F /* Frameworks */,
				D2B125212905DCE800D7CC7F /* Resources */,
			);
			buildRules = (
			);
			dependencies = (
			);
			name = Chat;
			productName = Chat;
			productReference = D2B125232905DCE800D7CC7F /* Chat.app */;
			productType = "com.apple.product-type.application";
		};
		D2B125382905DCEA00D7CC7F /* ChatTests */ = {
			isa = PBXNativeTarget;
			buildConfigurationList = D2B125502905DCEA00D7CC7F /* Build configuration list for PBXNativeTarget "ChatTests" */;
			buildPhases = (
				D2B125352905DCEA00D7CC7F /* Sources */,
				D2B125362905DCEA00D7CC7F /* Frameworks */,
				D2B125372905DCEA00D7CC7F /* Resources */,
			);
			buildRules = (
			);
			dependencies = (
				D2B1253B2905DCEA00D7CC7F /* PBXTargetDependency */,
			);
			name = ChatTests;
			productName = ChatTests;
			productReference = D2B125392905DCEA00D7CC7F /* ChatTests.xctest */;
			productType = "com.apple.product-type.bundle.unit-test";
		};
		D2B125422905DCEA00D7CC7F /* ChatUITests */ = {
			isa = PBXNativeTarget;
			buildConfigurationList = D2B125532905DCEA00D7CC7F /* Build configuration list for PBXNativeTarget "ChatUITests" */;
			buildPhases = (
				D2B1253F2905DCEA00D7CC7F /* Sources */,
				D2B125402905DCEA00D7CC7F /* Frameworks */,
				D2B125412905DCEA00D7CC7F /* Resources */,
			);
			buildRules = (
			);
			dependencies = (
				D2B125452905DCEA00D7CC7F /* PBXTargetDependency */,
			);
			name = ChatUITests;
			productName = ChatUITests;
			productReference = D2B125432905DCEA00D7CC7F /* ChatUITests.xctest */;
			productType = "com.apple.product-type.bundle.ui-testing";
		};
/* End PBXNativeTarget section */

/* Begin PBXProject section */
		D2B1251B2905DCE800D7CC7F /* Project object */ = {
			isa = PBXProject;
			attributes = {
				BuildIndependentTargetsInParallel = 1;
				LastSwiftUpdateCheck = 1400;
				LastUpgradeCheck = 1400;
				TargetAttributes = {
					D2B125222905DCE800D7CC7F = {
						CreatedOnToolsVersion = 14.0.1;
					};
					D2B125382905DCEA00D7CC7F = {
						CreatedOnToolsVersion = 14.0.1;
						LastSwiftMigration = 1400;
						TestTargetID = D2B125222905DCE800D7CC7F;
					};
					D2B125422905DCEA00D7CC7F = {
						CreatedOnToolsVersion = 14.0.1;
						TestTargetID = D2B125222905DCE800D7CC7F;
					};
				};
			};
			buildConfigurationList = D2B1251E2905DCE800D7CC7F /* Build configuration list for PBXProject "Chat" */;
			compatibilityVersion = "Xcode 14.0";
			developmentRegion = en;
			hasScannedForEncodings = 0;
			knownRegions = (
				en,
				Base,
			);
			mainGroup = D2B1251A2905DCE800D7CC7F;
			productRefGroup = D2B125242905DCE800D7CC7F /* Products */;
			projectDirPath = "";
			projectRoot = "";
			targets = (
				D2B125222905DCE800D7CC7F /* Chat */,
				D2B125382905DCEA00D7CC7F /* ChatTests */,
				D2B125422905DCEA00D7CC7F /* ChatUITests */,
			);
		};
/* End PBXProject section */

/* Begin PBXResourcesBuildPhase section */
		D2B125212905DCE800D7CC7F /* Resources */ = {
			isa = PBXResourcesBuildPhase;
			buildActionMask = 2147483647;
			files = (
				D2B125332905DCE900D7CC7F /* LaunchScreen.storyboard in Resources */,
				D2B125302905DCE900D7CC7F /* Assets.xcassets in Resources */,
			);
			runOnlyForDeploymentPostprocessing = 0;
		};
		D2B125372905DCEA00D7CC7F /* Resources */ = {
			isa = PBXResourcesBuildPhase;
			buildActionMask = 2147483647;
			files = (
			);
			runOnlyForDeploymentPostprocessing = 0;
		};
		D2B125412905DCEA00D7CC7F /* Resources */ = {
			isa = PBXResourcesBuildPhase;
			buildActionMask = 2147483647;
			files = (
			);
			runOnlyForDeploymentPostprocessing = 0;
		};
/* End PBXResourcesBuildPhase section */

/* Begin PBXShellScriptBuildPhase section */
		89A468843676D7D72E75033D /* [CP] Check Pods Manifest.lock */ = {
			isa = PBXShellScriptBuildPhase;
			buildActionMask = 2147483647;
			files = (
			);
			inputFileListPaths = (
			);
			inputPaths = (
				"${PODS_PODFILE_DIR_PATH}/Podfile.lock",
				"${PODS_ROOT}/Manifest.lock",
			);
			name = "[CP] Check Pods Manifest.lock";
			outputFileListPaths = (
			);
			outputPaths = (
				"$(DERIVED_FILE_DIR)/Pods-Chat-checkManifestLockResult.txt",
			);
			runOnlyForDeploymentPostprocessing = 0;
			shellPath = /bin/sh;
			shellScript = "diff \"${PODS_PODFILE_DIR_PATH}/Podfile.lock\" \"${PODS_ROOT}/Manifest.lock\" > /dev/null\nif [ $? != 0 ] ; then\n    # print error to STDERR\n    echo \"error: The sandbox is not in sync with the Podfile.lock. Run 'pod install' or update your CocoaPods installation.\" >&2\n    exit 1\nfi\n# This output is used by Xcode 'outputs' to avoid re-running this script phase.\necho \"SUCCESS\" > \"${SCRIPT_OUTPUT_FILE_0}\"\n";
			showEnvVarsInLog = 0;
		};
/* End PBXShellScriptBuildPhase section */

/* Begin PBXSourcesBuildPhase section */
		D2B1251F2905DCE800D7CC7F /* Sources */ = {
			isa = PBXSourcesBuildPhase;
			buildActionMask = 2147483647;
			files = (
				D2254926290A59E100E42BFD /* UITextField + Extension .swift in Sources */,
				D22E148229075B0500F762CE /* AuthorizationViewController.swift in Sources */,
				D2B125272905DCE800D7CC7F /* AppDelegate.swift in Sources */,
				D2254932290CA7BD00E42BFD /* ChatCell.swift in Sources */,
				D22E147C29075AB600F762CE /* AuthorizationPresenter.swift in Sources */,
				D22E147629075A8D00F762CE /* AuthorizationModels.swift in Sources */,
				D2254934290CB06500E42BFD /* AuthorizationWorker.swift in Sources */,
				D22E147A29075AAD00F762CE /* AuthorizationInteractor.swift in Sources */,
				D225491D2909CBEF00E42BFD /* UIView + Extension .swift in Sources */,
				D225492C290B2B7500E42BFD /* SetupProfileViewController.swift in Sources */,
				D22E1491290993EB00F762CE /* UIButton + Extension.swift in Sources */,
				D22E14932909A0F600F762CE /* UILabel + Extension.swift in Sources */,
				D2272ABF290CEF2000CAC710 /* SectionHeader.swift in Sources */,
				D2254922290A55CF00E42BFD /* SignUpViewController.swift in Sources */,
				D2B125292905DCE800D7CC7F /* SceneDelegate.swift in Sources */,
				D22E148029075AD500F762CE /* AuthorizationRouter.swift in Sources */,
				D2254929290B1DB400E42BFD /* LoginViewController.swift in Sources */,
				D225491F290A474100E42BFD /* UIStackView + Extension.swift in Sources */,
				D22F8D9E290CF4EA00527B36 /* TabBarController.swift in Sources */,
				D22E1473290757B300F762CE /* AssemblyLayer.swift in Sources */,
				D225492F290C9D1500E42BFD /* ChatViewController.swift in Sources */,
			);
			runOnlyForDeploymentPostprocessing = 0;
		};
		D2B125352905DCEA00D7CC7F /* Sources */ = {
			isa = PBXSourcesBuildPhase;
			buildActionMask = 2147483647;
			files = (
				D22E148729075C0500F762CE /* AuthorizationPresenterTest.swift in Sources */,
				D22E148529075BC400F762CE /* AuthorizationInteractorTest.swift in Sources */,
				D22E148B29075C2A00F762CE /* AuthorizationRouterTest.swift in Sources */,
				D22E148929075C1600F762CE /* AuthorizationViewControllerTest.swift in Sources */,
				D22E148D29075C4700F762CE /* AuthorizationWorkerTest.swift in Sources */,
			);
			runOnlyForDeploymentPostprocessing = 0;
		};
		D2B1253F2905DCEA00D7CC7F /* Sources */ = {
			isa = PBXSourcesBuildPhase;
			buildActionMask = 2147483647;
			files = (
				D2B1254A2905DCEA00D7CC7F /* ChatUITestsLaunchTests.swift in Sources */,
				D2B125482905DCEA00D7CC7F /* ChatUITests.swift in Sources */,
			);
			runOnlyForDeploymentPostprocessing = 0;
		};
/* End PBXSourcesBuildPhase section */

/* Begin PBXTargetDependency section */
		D2B1253B2905DCEA00D7CC7F /* PBXTargetDependency */ = {
			isa = PBXTargetDependency;
			target = D2B125222905DCE800D7CC7F /* Chat */;
			targetProxy = D2B1253A2905DCEA00D7CC7F /* PBXContainerItemProxy */;
		};
		D2B125452905DCEA00D7CC7F /* PBXTargetDependency */ = {
			isa = PBXTargetDependency;
			target = D2B125222905DCE800D7CC7F /* Chat */;
			targetProxy = D2B125442905DCEA00D7CC7F /* PBXContainerItemProxy */;
		};
/* End PBXTargetDependency section */

/* Begin PBXVariantGroup section */
		D2B125312905DCE900D7CC7F /* LaunchScreen.storyboard */ = {
			isa = PBXVariantGroup;
			children = (
				D2B125322905DCE900D7CC7F /* Base */,
			);
			name = LaunchScreen.storyboard;
			sourceTree = "<group>";
		};
/* End PBXVariantGroup section */

/* Begin XCBuildConfiguration section */
		D2B1254B2905DCEA00D7CC7F /* Debug */ = {
			isa = XCBuildConfiguration;
			buildSettings = {
				ALWAYS_SEARCH_USER_PATHS = NO;
				CLANG_ANALYZER_NONNULL = YES;
				CLANG_ANALYZER_NUMBER_OBJECT_CONVERSION = YES_AGGRESSIVE;
				CLANG_CXX_LANGUAGE_STANDARD = "gnu++20";
				CLANG_ENABLE_MODULES = YES;
				CLANG_ENABLE_OBJC_ARC = YES;
				CLANG_ENABLE_OBJC_WEAK = YES;
				CLANG_WARN_BLOCK_CAPTURE_AUTORELEASING = YES;
				CLANG_WARN_BOOL_CONVERSION = YES;
				CLANG_WARN_COMMA = YES;
				CLANG_WARN_CONSTANT_CONVERSION = YES;
				CLANG_WARN_DEPRECATED_OBJC_IMPLEMENTATIONS = YES;
				CLANG_WARN_DIRECT_OBJC_ISA_USAGE = YES_ERROR;
				CLANG_WARN_DOCUMENTATION_COMMENTS = YES;
				CLANG_WARN_EMPTY_BODY = YES;
				CLANG_WARN_ENUM_CONVERSION = YES;
				CLANG_WARN_INFINITE_RECURSION = YES;
				CLANG_WARN_INT_CONVERSION = YES;
				CLANG_WARN_NON_LITERAL_NULL_CONVERSION = YES;
				CLANG_WARN_OBJC_IMPLICIT_RETAIN_SELF = YES;
				CLANG_WARN_OBJC_LITERAL_CONVERSION = YES;
				CLANG_WARN_OBJC_ROOT_CLASS = YES_ERROR;
				CLANG_WARN_QUOTED_INCLUDE_IN_FRAMEWORK_HEADER = YES;
				CLANG_WARN_RANGE_LOOP_ANALYSIS = YES;
				CLANG_WARN_STRICT_PROTOTYPES = YES;
				CLANG_WARN_SUSPICIOUS_MOVE = YES;
				CLANG_WARN_UNGUARDED_AVAILABILITY = YES_AGGRESSIVE;
				CLANG_WARN_UNREACHABLE_CODE = YES;
				CLANG_WARN__DUPLICATE_METHOD_MATCH = YES;
				COPY_PHASE_STRIP = NO;
				DEBUG_INFORMATION_FORMAT = dwarf;
				ENABLE_STRICT_OBJC_MSGSEND = YES;
				ENABLE_TESTABILITY = YES;
				GCC_C_LANGUAGE_STANDARD = gnu11;
				GCC_DYNAMIC_NO_PIC = NO;
				GCC_NO_COMMON_BLOCKS = YES;
				GCC_OPTIMIZATION_LEVEL = 0;
				GCC_PREPROCESSOR_DEFINITIONS = (
					"DEBUG=1",
					"$(inherited)",
				);
				GCC_WARN_64_TO_32_BIT_CONVERSION = YES;
				GCC_WARN_ABOUT_RETURN_TYPE = YES_ERROR;
				GCC_WARN_UNDECLARED_SELECTOR = YES;
				GCC_WARN_UNINITIALIZED_AUTOS = YES_AGGRESSIVE;
				GCC_WARN_UNUSED_FUNCTION = YES;
				GCC_WARN_UNUSED_VARIABLE = YES;
				IPHONEOS_DEPLOYMENT_TARGET = 16.0;
				MTL_ENABLE_DEBUG_INFO = INCLUDE_SOURCE;
				MTL_FAST_MATH = YES;
				ONLY_ACTIVE_ARCH = YES;
				SDKROOT = iphoneos;
				SWIFT_ACTIVE_COMPILATION_CONDITIONS = DEBUG;
				SWIFT_OPTIMIZATION_LEVEL = "-Onone";
			};
			name = Debug;
		};
		D2B1254C2905DCEA00D7CC7F /* Release */ = {
			isa = XCBuildConfiguration;
			buildSettings = {
				ALWAYS_SEARCH_USER_PATHS = NO;
				CLANG_ANALYZER_NONNULL = YES;
				CLANG_ANALYZER_NUMBER_OBJECT_CONVERSION = YES_AGGRESSIVE;
				CLANG_CXX_LANGUAGE_STANDARD = "gnu++20";
				CLANG_ENABLE_MODULES = YES;
				CLANG_ENABLE_OBJC_ARC = YES;
				CLANG_ENABLE_OBJC_WEAK = YES;
				CLANG_WARN_BLOCK_CAPTURE_AUTORELEASING = YES;
				CLANG_WARN_BOOL_CONVERSION = YES;
				CLANG_WARN_COMMA = YES;
				CLANG_WARN_CONSTANT_CONVERSION = YES;
				CLANG_WARN_DEPRECATED_OBJC_IMPLEMENTATIONS = YES;
				CLANG_WARN_DIRECT_OBJC_ISA_USAGE = YES_ERROR;
				CLANG_WARN_DOCUMENTATION_COMMENTS = YES;
				CLANG_WARN_EMPTY_BODY = YES;
				CLANG_WARN_ENUM_CONVERSION = YES;
				CLANG_WARN_INFINITE_RECURSION = YES;
				CLANG_WARN_INT_CONVERSION = YES;
				CLANG_WARN_NON_LITERAL_NULL_CONVERSION = YES;
				CLANG_WARN_OBJC_IMPLICIT_RETAIN_SELF = YES;
				CLANG_WARN_OBJC_LITERAL_CONVERSION = YES;
				CLANG_WARN_OBJC_ROOT_CLASS = YES_ERROR;
				CLANG_WARN_QUOTED_INCLUDE_IN_FRAMEWORK_HEADER = YES;
				CLANG_WARN_RANGE_LOOP_ANALYSIS = YES;
				CLANG_WARN_STRICT_PROTOTYPES = YES;
				CLANG_WARN_SUSPICIOUS_MOVE = YES;
				CLANG_WARN_UNGUARDED_AVAILABILITY = YES_AGGRESSIVE;
				CLANG_WARN_UNREACHABLE_CODE = YES;
				CLANG_WARN__DUPLICATE_METHOD_MATCH = YES;
				COPY_PHASE_STRIP = NO;
				DEBUG_INFORMATION_FORMAT = "dwarf-with-dsym";
				ENABLE_NS_ASSERTIONS = NO;
				ENABLE_STRICT_OBJC_MSGSEND = YES;
				GCC_C_LANGUAGE_STANDARD = gnu11;
				GCC_NO_COMMON_BLOCKS = YES;
				GCC_WARN_64_TO_32_BIT_CONVERSION = YES;
				GCC_WARN_ABOUT_RETURN_TYPE = YES_ERROR;
				GCC_WARN_UNDECLARED_SELECTOR = YES;
				GCC_WARN_UNINITIALIZED_AUTOS = YES_AGGRESSIVE;
				GCC_WARN_UNUSED_FUNCTION = YES;
				GCC_WARN_UNUSED_VARIABLE = YES;
				IPHONEOS_DEPLOYMENT_TARGET = 16.0;
				MTL_ENABLE_DEBUG_INFO = NO;
				MTL_FAST_MATH = YES;
				SDKROOT = iphoneos;
				SWIFT_COMPILATION_MODE = wholemodule;
				SWIFT_OPTIMIZATION_LEVEL = "-O";
				VALIDATE_PRODUCT = YES;
			};
			name = Release;
		};
		D2B1254E2905DCEA00D7CC7F /* Debug */ = {
			isa = XCBuildConfiguration;
			baseConfigurationReference = FC062E51FBF0A2296EBC99AD /* Pods-Chat.debug.xcconfig */;
			buildSettings = {
				ASSETCATALOG_COMPILER_APPICON_NAME = AppIcon;
				ASSETCATALOG_COMPILER_GLOBAL_ACCENT_COLOR_NAME = AccentColor;
				CODE_SIGN_STYLE = Automatic;
				CURRENT_PROJECT_VERSION = 1;
				GENERATE_INFOPLIST_FILE = YES;
				INFOPLIST_FILE = Chat/SupportingFiles/Info.plist;
				INFOPLIST_KEY_UIApplicationSupportsIndirectInputEvents = YES;
				INFOPLIST_KEY_UILaunchStoryboardName = LaunchScreen;
				INFOPLIST_KEY_UISupportedInterfaceOrientations_iPad = "UIInterfaceOrientationPortrait UIInterfaceOrientationPortraitUpsideDown UIInterfaceOrientationLandscapeLeft UIInterfaceOrientationLandscapeRight";
				INFOPLIST_KEY_UISupportedInterfaceOrientations_iPhone = "UIInterfaceOrientationPortrait UIInterfaceOrientationLandscapeLeft UIInterfaceOrientationLandscapeRight";
				LD_RUNPATH_SEARCH_PATHS = (
					"$(inherited)",
					"@executable_path/Frameworks",
				);
				MARKETING_VERSION = 1.0;
				PRODUCT_BUNDLE_IDENTIFIER = "i-am.Chat";
				PRODUCT_NAME = "$(TARGET_NAME)";
				SWIFT_EMIT_LOC_STRINGS = YES;
				SWIFT_VERSION = 5.0;
				TARGETED_DEVICE_FAMILY = "1,2";
			};
			name = Debug;
		};
		D2B1254F2905DCEA00D7CC7F /* Release */ = {
			isa = XCBuildConfiguration;
			baseConfigurationReference = 3D8D4BD1675EA86743B9F6AE /* Pods-Chat.release.xcconfig */;
			buildSettings = {
				ASSETCATALOG_COMPILER_APPICON_NAME = AppIcon;
				ASSETCATALOG_COMPILER_GLOBAL_ACCENT_COLOR_NAME = AccentColor;
				CODE_SIGN_STYLE = Automatic;
				CURRENT_PROJECT_VERSION = 1;
				GENERATE_INFOPLIST_FILE = YES;
				INFOPLIST_FILE = Chat/SupportingFiles/Info.plist;
				INFOPLIST_KEY_UIApplicationSupportsIndirectInputEvents = YES;
				INFOPLIST_KEY_UILaunchStoryboardName = LaunchScreen;
				INFOPLIST_KEY_UISupportedInterfaceOrientations_iPad = "UIInterfaceOrientationPortrait UIInterfaceOrientationPortraitUpsideDown UIInterfaceOrientationLandscapeLeft UIInterfaceOrientationLandscapeRight";
				INFOPLIST_KEY_UISupportedInterfaceOrientations_iPhone = "UIInterfaceOrientationPortrait UIInterfaceOrientationLandscapeLeft UIInterfaceOrientationLandscapeRight";
				LD_RUNPATH_SEARCH_PATHS = (
					"$(inherited)",
					"@executable_path/Frameworks",
				);
				MARKETING_VERSION = 1.0;
				PRODUCT_BUNDLE_IDENTIFIER = "i-am.Chat";
				PRODUCT_NAME = "$(TARGET_NAME)";
				SWIFT_EMIT_LOC_STRINGS = YES;
				SWIFT_VERSION = 5.0;
				TARGETED_DEVICE_FAMILY = "1,2";
			};
			name = Release;
		};
		D2B125512905DCEA00D7CC7F /* Debug */ = {
			isa = XCBuildConfiguration;
			buildSettings = {
				ALWAYS_EMBED_SWIFT_STANDARD_LIBRARIES = YES;
				BUNDLE_LOADER = "$(TEST_HOST)";
				CLANG_ENABLE_MODULES = YES;
				CODE_SIGN_STYLE = Automatic;
				CURRENT_PROJECT_VERSION = 1;
				GENERATE_INFOPLIST_FILE = YES;
				IPHONEOS_DEPLOYMENT_TARGET = 16.0;
				LD_RUNPATH_SEARCH_PATHS = (
					"$(inherited)",
					"@executable_path/Frameworks",
					"@loader_path/Frameworks",
				);
				MARKETING_VERSION = 1.0;
				PRODUCT_BUNDLE_IDENTIFIER = "i-am.ChatTests";
				PRODUCT_NAME = "$(TARGET_NAME)";
				SWIFT_EMIT_LOC_STRINGS = NO;
				SWIFT_OPTIMIZATION_LEVEL = "-Onone";
				SWIFT_VERSION = 5.0;
				TARGETED_DEVICE_FAMILY = "1,2";
				TEST_HOST = "$(BUILT_PRODUCTS_DIR)/Chat.app/$(BUNDLE_EXECUTABLE_FOLDER_PATH)/Chat";
			};
			name = Debug;
		};
		D2B125522905DCEA00D7CC7F /* Release */ = {
			isa = XCBuildConfiguration;
			buildSettings = {
				ALWAYS_EMBED_SWIFT_STANDARD_LIBRARIES = YES;
				BUNDLE_LOADER = "$(TEST_HOST)";
				CLANG_ENABLE_MODULES = YES;
				CODE_SIGN_STYLE = Automatic;
				CURRENT_PROJECT_VERSION = 1;
				GENERATE_INFOPLIST_FILE = YES;
				IPHONEOS_DEPLOYMENT_TARGET = 16.0;
				LD_RUNPATH_SEARCH_PATHS = (
					"$(inherited)",
					"@executable_path/Frameworks",
					"@loader_path/Frameworks",
				);
				MARKETING_VERSION = 1.0;
				PRODUCT_BUNDLE_IDENTIFIER = "i-am.ChatTests";
				PRODUCT_NAME = "$(TARGET_NAME)";
				SWIFT_EMIT_LOC_STRINGS = NO;
				SWIFT_VERSION = 5.0;
				TARGETED_DEVICE_FAMILY = "1,2";
				TEST_HOST = "$(BUILT_PRODUCTS_DIR)/Chat.app/$(BUNDLE_EXECUTABLE_FOLDER_PATH)/Chat";
			};
			name = Release;
		};
		D2B125542905DCEA00D7CC7F /* Debug */ = {
			isa = XCBuildConfiguration;
			buildSettings = {
				ALWAYS_EMBED_SWIFT_STANDARD_LIBRARIES = YES;
				CODE_SIGN_STYLE = Automatic;
				CURRENT_PROJECT_VERSION = 1;
				GENERATE_INFOPLIST_FILE = YES;
				MARKETING_VERSION = 1.0;
				PRODUCT_BUNDLE_IDENTIFIER = "i-am.ChatUITests";
				PRODUCT_NAME = "$(TARGET_NAME)";
				SWIFT_EMIT_LOC_STRINGS = NO;
				SWIFT_VERSION = 5.0;
				TARGETED_DEVICE_FAMILY = "1,2";
				TEST_TARGET_NAME = Chat;
			};
			name = Debug;
		};
		D2B125552905DCEA00D7CC7F /* Release */ = {
			isa = XCBuildConfiguration;
			buildSettings = {
				ALWAYS_EMBED_SWIFT_STANDARD_LIBRARIES = YES;
				CODE_SIGN_STYLE = Automatic;
				CURRENT_PROJECT_VERSION = 1;
				GENERATE_INFOPLIST_FILE = YES;
				MARKETING_VERSION = 1.0;
				PRODUCT_BUNDLE_IDENTIFIER = "i-am.ChatUITests";
				PRODUCT_NAME = "$(TARGET_NAME)";
				SWIFT_EMIT_LOC_STRINGS = NO;
				SWIFT_VERSION = 5.0;
				TARGETED_DEVICE_FAMILY = "1,2";
				TEST_TARGET_NAME = Chat;
			};
			name = Release;
		};
/* End XCBuildConfiguration section */

/* Begin XCConfigurationList section */
		D2B1251E2905DCE800D7CC7F /* Build configuration list for PBXProject "Chat" */ = {
			isa = XCConfigurationList;
			buildConfigurations = (
				D2B1254B2905DCEA00D7CC7F /* Debug */,
				D2B1254C2905DCEA00D7CC7F /* Release */,
			);
			defaultConfigurationIsVisible = 0;
			defaultConfigurationName = Release;
		};
		D2B1254D2905DCEA00D7CC7F /* Build configuration list for PBXNativeTarget "Chat" */ = {
			isa = XCConfigurationList;
			buildConfigurations = (
				D2B1254E2905DCEA00D7CC7F /* Debug */,
				D2B1254F2905DCEA00D7CC7F /* Release */,
			);
			defaultConfigurationIsVisible = 0;
			defaultConfigurationName = Release;
		};
		D2B125502905DCEA00D7CC7F /* Build configuration list for PBXNativeTarget "ChatTests" */ = {
			isa = XCConfigurationList;
			buildConfigurations = (
				D2B125512905DCEA00D7CC7F /* Debug */,
				D2B125522905DCEA00D7CC7F /* Release */,
			);
			defaultConfigurationIsVisible = 0;
			defaultConfigurationName = Release;
		};
		D2B125532905DCEA00D7CC7F /* Build configuration list for PBXNativeTarget "ChatUITests" */ = {
			isa = XCConfigurationList;
			buildConfigurations = (
				D2B125542905DCEA00D7CC7F /* Debug */,
				D2B125552905DCEA00D7CC7F /* Release */,
			);
			defaultConfigurationIsVisible = 0;
			defaultConfigurationName = Release;
		};
/* End XCConfigurationList section */
	};
	rootObject = D2B1251B2905DCE800D7CC7F /* Project object */;
}
