// !$*UTF8*$!
{
	archiveVersion = 1;
	classes = {
	};
	objectVersion = 56;
	objects = {

/* Begin PBXBuildFile section */
		68C52865DDB8309A40235BD4 /* Pods_Chat.framework in Frameworks */ = {isa = PBXBuildFile; fileRef = 964530EC5DD82FEF181AC5D1 /* Pods_Chat.framework */; };
		D205B9792911531000D62543 /* ProfileViewController.swift in Sources */ = {isa = PBXBuildFile; fileRef = D205B9782911531000D62543 /* ProfileViewController.swift */; };
		D205BA2C2913CA9B00D62543 /* GoogleService-Info.plist in Resources */ = {isa = PBXBuildFile; fileRef = D205BA2B2913CA9B00D62543 /* GoogleService-Info.plist */; };
		D2169FA7291B1AC4009F9442 /* UIViewController + Extension.swift in Sources */ = {isa = PBXBuildFile; fileRef = D2169FA6291B1AC4009F9442 /* UIViewController + Extension.swift */; };
		D2169FAB291CBF7E009F9442 /* Validators.swift in Sources */ = {isa = PBXBuildFile; fileRef = D2169FAA291CBF7E009F9442 /* Validators.swift */; };
		D21B2612291E12940035FBEA /* Chat.swift in Sources */ = {isa = PBXBuildFile; fileRef = D21B2611291E12940035FBEA /* Chat.swift */; };
		D225491D2909CBEF00E42BFD /* UIView + Extension .swift in Sources */ = {isa = PBXBuildFile; fileRef = D225491C2909CBEF00E42BFD /* UIView + Extension .swift */; };
		D225491F290A474100E42BFD /* UIStackView + Extension.swift in Sources */ = {isa = PBXBuildFile; fileRef = D225491E290A474100E42BFD /* UIStackView + Extension.swift */; };
		D2254922290A55CF00E42BFD /* SignUpViewController.swift in Sources */ = {isa = PBXBuildFile; fileRef = D2254921290A55CF00E42BFD /* SignUpViewController.swift */; };
		D2254926290A59E100E42BFD /* UITextField + Extension .swift in Sources */ = {isa = PBXBuildFile; fileRef = D2254925290A59E100E42BFD /* UITextField + Extension .swift */; };
		D2254929290B1DB400E42BFD /* LoginViewController.swift in Sources */ = {isa = PBXBuildFile; fileRef = D2254928290B1DB400E42BFD /* LoginViewController.swift */; };
		D225492C290B2B7500E42BFD /* SetupProfileViewController.swift in Sources */ = {isa = PBXBuildFile; fileRef = D225492B290B2B7500E42BFD /* SetupProfileViewController.swift */; };
		D225492F290C9D1500E42BFD /* ChatViewController.swift in Sources */ = {isa = PBXBuildFile; fileRef = D225492E290C9D1500E42BFD /* ChatViewController.swift */; };
		D2254932290CA7BD00E42BFD /* ChatCell.swift in Sources */ = {isa = PBXBuildFile; fileRef = D2254931290CA7BC00E42BFD /* ChatCell.swift */; };
		D2272ABF290CEF2000CAC710 /* SectionHeader.swift in Sources */ = {isa = PBXBuildFile; fileRef = D2272ABE290CEF2000CAC710 /* SectionHeader.swift */; };
		D22E148229075B0500F762CE /* AuthorizationViewController.swift in Sources */ = {isa = PBXBuildFile; fileRef = D22E148129075B0500F762CE /* AuthorizationViewController.swift */; };
		D22E1491290993EB00F762CE /* UIButton + Extension.swift in Sources */ = {isa = PBXBuildFile; fileRef = D22E1490290993EB00F762CE /* UIButton + Extension.swift */; };
		D22E14932909A0F600F762CE /* UILabel + Extension.swift in Sources */ = {isa = PBXBuildFile; fileRef = D22E14922909A0F600F762CE /* UILabel + Extension.swift */; };
		D22F8D9E290CF4EA00527B36 /* TabBarController.swift in Sources */ = {isa = PBXBuildFile; fileRef = D22F8D9D290CF4EA00527B36 /* TabBarController.swift */; };
		D22F8DA0290CF8FE00527B36 /* UsersViewController.swift in Sources */ = {isa = PBXBuildFile; fileRef = D22F8D9F290CF8FE00527B36 /* UsersViewController.swift */; };
		D22F8DA3290CF95100527B36 /* UsersCell.swift in Sources */ = {isa = PBXBuildFile; fileRef = D22F8DA2290CF95100527B36 /* UsersCell.swift */; };
		D27DDA7329212A0600226DA9 /* Human.swift in Sources */ = {isa = PBXBuildFile; fileRef = D27DDA7229212A0600226DA9 /* Human.swift */; };
		D27DDA7A29212BE400226DA9 /* AuthorizationService.swift in Sources */ = {isa = PBXBuildFile; fileRef = D27DDA7929212BE400226DA9 /* AuthorizationService.swift */; };
		D2B125272905DCE800D7CC7F /* AppDelegate.swift in Sources */ = {isa = PBXBuildFile; fileRef = D2B125262905DCE800D7CC7F /* AppDelegate.swift */; };
		D2B125292905DCE800D7CC7F /* SceneDelegate.swift in Sources */ = {isa = PBXBuildFile; fileRef = D2B125282905DCE800D7CC7F /* SceneDelegate.swift */; };
		D2B125302905DCE900D7CC7F /* Assets.xcassets in Resources */ = {isa = PBXBuildFile; fileRef = D2B1252F2905DCE900D7CC7F /* Assets.xcassets */; };
		D2B125332905DCE900D7CC7F /* LaunchScreen.storyboard in Resources */ = {isa = PBXBuildFile; fileRef = D2B125312905DCE900D7CC7F /* LaunchScreen.storyboard */; };
/* End PBXBuildFile section */

/* Begin PBXFileReference section */
		2C8EE49E7B5534F59506CA6F /* Pods-Chat.release.xcconfig */ = {isa = PBXFileReference; includeInIndex = 1; lastKnownFileType = text.xcconfig; name = "Pods-Chat.release.xcconfig"; path = "Target Support Files/Pods-Chat/Pods-Chat.release.xcconfig"; sourceTree = "<group>"; };
		964530EC5DD82FEF181AC5D1 /* Pods_Chat.framework */ = {isa = PBXFileReference; explicitFileType = wrapper.framework; includeInIndex = 0; path = Pods_Chat.framework; sourceTree = BUILT_PRODUCTS_DIR; };
		D205B9782911531000D62543 /* ProfileViewController.swift */ = {isa = PBXFileReference; lastKnownFileType = sourcecode.swift; path = ProfileViewController.swift; sourceTree = "<group>"; };
		D205BA2B2913CA9B00D62543 /* GoogleService-Info.plist */ = {isa = PBXFileReference; fileEncoding = 4; lastKnownFileType = text.plist.xml; path = "GoogleService-Info.plist"; sourceTree = "<group>"; };
		D2169FA6291B1AC4009F9442 /* UIViewController + Extension.swift */ = {isa = PBXFileReference; lastKnownFileType = sourcecode.swift; path = "UIViewController + Extension.swift"; sourceTree = "<group>"; };
		D2169FAA291CBF7E009F9442 /* Validators.swift */ = {isa = PBXFileReference; lastKnownFileType = sourcecode.swift; path = Validators.swift; sourceTree = "<group>"; };
		D21B2611291E12940035FBEA /* Chat.swift */ = {isa = PBXFileReference; lastKnownFileType = sourcecode.swift; path = Chat.swift; sourceTree = "<group>"; };
		D225491C2909CBEF00E42BFD /* UIView + Extension .swift */ = {isa = PBXFileReference; lastKnownFileType = sourcecode.swift; path = "UIView + Extension .swift"; sourceTree = "<group>"; };
		D225491E290A474100E42BFD /* UIStackView + Extension.swift */ = {isa = PBXFileReference; lastKnownFileType = sourcecode.swift; path = "UIStackView + Extension.swift"; sourceTree = "<group>"; };
		D2254921290A55CF00E42BFD /* SignUpViewController.swift */ = {isa = PBXFileReference; lastKnownFileType = sourcecode.swift; path = SignUpViewController.swift; sourceTree = "<group>"; };
		D2254925290A59E100E42BFD /* UITextField + Extension .swift */ = {isa = PBXFileReference; lastKnownFileType = sourcecode.swift; path = "UITextField + Extension .swift"; sourceTree = "<group>"; };
		D2254928290B1DB400E42BFD /* LoginViewController.swift */ = {isa = PBXFileReference; lastKnownFileType = sourcecode.swift; path = LoginViewController.swift; sourceTree = "<group>"; };
		D225492B290B2B7500E42BFD /* SetupProfileViewController.swift */ = {isa = PBXFileReference; lastKnownFileType = sourcecode.swift; path = SetupProfileViewController.swift; sourceTree = "<group>"; };
		D225492E290C9D1500E42BFD /* ChatViewController.swift */ = {isa = PBXFileReference; lastKnownFileType = sourcecode.swift; path = ChatViewController.swift; sourceTree = "<group>"; };
		D2254931290CA7BC00E42BFD /* ChatCell.swift */ = {isa = PBXFileReference; lastKnownFileType = sourcecode.swift; path = ChatCell.swift; sourceTree = "<group>"; };
		D2272ABE290CEF2000CAC710 /* SectionHeader.swift */ = {isa = PBXFileReference; lastKnownFileType = sourcecode.swift; path = SectionHeader.swift; sourceTree = "<group>"; };
		D22E148129075B0500F762CE /* AuthorizationViewController.swift */ = {isa = PBXFileReference; lastKnownFileType = sourcecode.swift; path = AuthorizationViewController.swift; sourceTree = "<group>"; };
		D22E1490290993EB00F762CE /* UIButton + Extension.swift */ = {isa = PBXFileReference; lastKnownFileType = sourcecode.swift; path = "UIButton + Extension.swift"; sourceTree = "<group>"; };
		D22E14922909A0F600F762CE /* UILabel + Extension.swift */ = {isa = PBXFileReference; lastKnownFileType = sourcecode.swift; path = "UILabel + Extension.swift"; sourceTree = "<group>"; };
		D22F8D9D290CF4EA00527B36 /* TabBarController.swift */ = {isa = PBXFileReference; lastKnownFileType = sourcecode.swift; path = TabBarController.swift; sourceTree = "<group>"; };
		D22F8D9F290CF8FE00527B36 /* UsersViewController.swift */ = {isa = PBXFileReference; lastKnownFileType = sourcecode.swift; path = UsersViewController.swift; sourceTree = "<group>"; };
		D22F8DA2290CF95100527B36 /* UsersCell.swift */ = {isa = PBXFileReference; lastKnownFileType = sourcecode.swift; path = UsersCell.swift; sourceTree = "<group>"; };
		D27DDA7229212A0600226DA9 /* Human.swift */ = {isa = PBXFileReference; lastKnownFileType = sourcecode.swift; path = Human.swift; sourceTree = "<group>"; };
		D27DDA7929212BE400226DA9 /* AuthorizationService.swift */ = {isa = PBXFileReference; lastKnownFileType = sourcecode.swift; path = AuthorizationService.swift; sourceTree = "<group>"; };
		D2B125232905DCE800D7CC7F /* Chat.app */ = {isa = PBXFileReference; explicitFileType = wrapper.application; includeInIndex = 0; path = Chat.app; sourceTree = BUILT_PRODUCTS_DIR; };
		D2B125262905DCE800D7CC7F /* AppDelegate.swift */ = {isa = PBXFileReference; lastKnownFileType = sourcecode.swift; path = AppDelegate.swift; sourceTree = "<group>"; };
		D2B125282905DCE800D7CC7F /* SceneDelegate.swift */ = {isa = PBXFileReference; lastKnownFileType = sourcecode.swift; path = SceneDelegate.swift; sourceTree = "<group>"; };
		D2B1252F2905DCE900D7CC7F /* Assets.xcassets */ = {isa = PBXFileReference; lastKnownFileType = folder.assetcatalog; path = Assets.xcassets; sourceTree = "<group>"; };
		D2B125322905DCE900D7CC7F /* Base */ = {isa = PBXFileReference; lastKnownFileType = file.storyboard; name = Base; path = Base.lproj/LaunchScreen.storyboard; sourceTree = "<group>"; };
		D2B125342905DCE900D7CC7F /* Info.plist */ = {isa = PBXFileReference; lastKnownFileType = text.plist.xml; path = Info.plist; sourceTree = "<group>"; };
		D68DD3FDB30659F99E63395B /* Pods-Chat.debug.xcconfig */ = {isa = PBXFileReference; includeInIndex = 1; lastKnownFileType = text.xcconfig; name = "Pods-Chat.debug.xcconfig"; path = "Target Support Files/Pods-Chat/Pods-Chat.debug.xcconfig"; sourceTree = "<group>"; };
/* End PBXFileReference section */

/* Begin PBXFrameworksBuildPhase section */
		D2B125202905DCE800D7CC7F /* Frameworks */ = {
			isa = PBXFrameworksBuildPhase;
			buildActionMask = 2147483647;
			files = (
				68C52865DDB8309A40235BD4 /* Pods_Chat.framework in Frameworks */,
			);
			runOnlyForDeploymentPostprocessing = 0;
		};
/* End PBXFrameworksBuildPhase section */

/* Begin PBXGroup section */
		0B54C440713634CDA3575D83 /* Frameworks */ = {
			isa = PBXGroup;
			children = (
				964530EC5DD82FEF181AC5D1 /* Pods_Chat.framework */,
			);
			name = Frameworks;
			sourceTree = "<group>";
		};
		772B143386B599D8F39E8E57 /* Pods */ = {
			isa = PBXGroup;
			children = (
				D68DD3FDB30659F99E63395B /* Pods-Chat.debug.xcconfig */,
				2C8EE49E7B5534F59506CA6F /* Pods-Chat.release.xcconfig */,
			);
			path = Pods;
			sourceTree = "<group>";
		};
		D205B9842912CB8900D62543 /* Helpers */ = {
			isa = PBXGroup;
			children = (
				D2169FAA291CBF7E009F9442 /* Validators.swift */,
			);
			path = Helpers;
			sourceTree = "<group>";
		};
		D21B2610291E127F0035FBEA /* Models */ = {
			isa = PBXGroup;
			children = (
				D27DDA7229212A0600226DA9 /* Human.swift */,
				D21B2611291E12940035FBEA /* Chat.swift */,
			);
			path = Models;
			sourceTree = "<group>";
		};
		D22E148E2909939E00F762CE /* Extensions */ = {
			isa = PBXGroup;
			children = (
				D2272ABE290CEF2000CAC710 /* SectionHeader.swift */,
				D22E148F290993B300F762CE /* UIKit */,
			);
			path = Extensions;
			sourceTree = "<group>";
		};
		D22E148F290993B300F762CE /* UIKit */ = {
			isa = PBXGroup;
			children = (
				D22E1490290993EB00F762CE /* UIButton + Extension.swift */,
				D22E14922909A0F600F762CE /* UILabel + Extension.swift */,
				D225491C2909CBEF00E42BFD /* UIView + Extension .swift */,
				D225491E290A474100E42BFD /* UIStackView + Extension.swift */,
				D2254925290A59E100E42BFD /* UITextField + Extension .swift */,
				D2169FA6291B1AC4009F9442 /* UIViewController + Extension.swift */,
			);
			path = UIKit;
			sourceTree = "<group>";
		};
		D27DDA702921261E00226DA9 /* ServiceLayer */ = {
			isa = PBXGroup;
			children = (
				D27DDA7929212BE400226DA9 /* AuthorizationService.swift */,
			);
			path = ServiceLayer;
			sourceTree = "<group>";
		};
		D27DDA71292128A300226DA9 /* Controllers */ = {
			isa = PBXGroup;
			children = (
				D27DDA7429212AC200226DA9 /* TabBarController */,
				D27DDA7529212AD200226DA9 /* ViewControllers */,
				D27DDA7629212AF600226DA9 /* Cells */,
			);
			path = Controllers;
			sourceTree = "<group>";
		};
		D27DDA7429212AC200226DA9 /* TabBarController */ = {
			isa = PBXGroup;
			children = (
				D22F8D9D290CF4EA00527B36 /* TabBarController.swift */,
			);
			path = TabBarController;
			sourceTree = "<group>";
		};
		D27DDA7529212AD200226DA9 /* ViewControllers */ = {
			isa = PBXGroup;
			children = (
				D27DDA7729212B6800226DA9 /* Authorization */,
				D27DDA7829212B8600226DA9 /* General */,
			);
			path = ViewControllers;
			sourceTree = "<group>";
		};
		D27DDA7629212AF600226DA9 /* Cells */ = {
			isa = PBXGroup;
			children = (
				D2254931290CA7BC00E42BFD /* ChatCell.swift */,
				D22F8DA2290CF95100527B36 /* UsersCell.swift */,
			);
			path = Cells;
			sourceTree = "<group>";
		};
		D27DDA7729212B6800226DA9 /* Authorization */ = {
			isa = PBXGroup;
			children = (
				D22E148129075B0500F762CE /* AuthorizationViewController.swift */,
				D2254928290B1DB400E42BFD /* LoginViewController.swift */,
				D2254921290A55CF00E42BFD /* SignUpViewController.swift */,
				D225492B290B2B7500E42BFD /* SetupProfileViewController.swift */,
			);
			path = Authorization;
			sourceTree = "<group>";
		};
		D27DDA7829212B8600226DA9 /* General */ = {
			isa = PBXGroup;
			children = (
				D22F8D9F290CF8FE00527B36 /* UsersViewController.swift */,
				D225492E290C9D1500E42BFD /* ChatViewController.swift */,
				D205B9782911531000D62543 /* ProfileViewController.swift */,
			);
			path = General;
			sourceTree = "<group>";
		};
		D2B1251A2905DCE800D7CC7F = {
			isa = PBXGroup;
			children = (
				D2B125252905DCE800D7CC7F /* Chat */,
				D2B125242905DCE800D7CC7F /* Products */,
				772B143386B599D8F39E8E57 /* Pods */,
				0B54C440713634CDA3575D83 /* Frameworks */,
			);
			sourceTree = "<group>";
		};
		D2B125242905DCE800D7CC7F /* Products */ = {
			isa = PBXGroup;
			children = (
				D2B125232905DCE800D7CC7F /* Chat.app */,
			);
			name = Products;
			sourceTree = "<group>";
		};
		D2B125252905DCE800D7CC7F /* Chat */ = {
			isa = PBXGroup;
			children = (
				D2B125562905DD2600D7CC7F /* Application */,
				D2B125572905DD3700D7CC7F /* SupportingFiles */,
				D205B9842912CB8900D62543 /* Helpers */,
				D22E148E2909939E00F762CE /* Extensions */,
				D21B2610291E127F0035FBEA /* Models */,
				D27DDA702921261E00226DA9 /* ServiceLayer */,
				D27DDA71292128A300226DA9 /* Controllers */,
			);
			path = Chat;
			sourceTree = "<group>";
		};
		D2B125562905DD2600D7CC7F /* Application */ = {
			isa = PBXGroup;
			children = (
				D2B125262905DCE800D7CC7F /* AppDelegate.swift */,
				D2B125282905DCE800D7CC7F /* SceneDelegate.swift */,
			);
			path = Application;
			sourceTree = "<group>";
		};
		D2B125572905DD3700D7CC7F /* SupportingFiles */ = {
			isa = PBXGroup;
			children = (
				D2B1252F2905DCE900D7CC7F /* Assets.xcassets */,
				D2B125312905DCE900D7CC7F /* LaunchScreen.storyboard */,
				D205BA2B2913CA9B00D62543 /* GoogleService-Info.plist */,
				D2B125342905DCE900D7CC7F /* Info.plist */,
			);
			path = SupportingFiles;
			sourceTree = "<group>";
		};
/* End PBXGroup section */

/* Begin PBXNativeTarget section */
		D2B125222905DCE800D7CC7F /* Chat */ = {
			isa = PBXNativeTarget;
			buildConfigurationList = D2B1254D2905DCEA00D7CC7F /* Build configuration list for PBXNativeTarget "Chat" */;
			buildPhases = (
				D27DDA7C29214A3000226DA9 /* ShellScript */,
				503F2E13736666EFDE67037A /* [CP] Check Pods Manifest.lock */,
				D2B1251F2905DCE800D7CC7F /* Sources */,
				D2B125202905DCE800D7CC7F /* Frameworks */,
				D2B125212905DCE800D7CC7F /* Resources */,
				F48A5D27F3F924B58BF1A5DD /* [CP] Embed Pods Frameworks */,
			);
			buildRules = (
			);
			dependencies = (
			);
			name = Chat;
			productName = Chat;
			productReference = D2B125232905DCE800D7CC7F /* Chat.app */;
			productType = "com.apple.product-type.application";
		};
/* End PBXNativeTarget section */

/* Begin PBXProject section */
		D2B1251B2905DCE800D7CC7F /* Project object */ = {
			isa = PBXProject;
			attributes = {
				BuildIndependentTargetsInParallel = 1;
				LastSwiftUpdateCheck = 1400;
				LastUpgradeCheck = 1400;
				TargetAttributes = {
					D2B125222905DCE800D7CC7F = {
						CreatedOnToolsVersion = 14.0.1;
					};
				};
			};
			buildConfigurationList = D2B1251E2905DCE800D7CC7F /* Build configuration list for PBXProject "Chat" */;
			compatibilityVersion = "Xcode 14.0";
			developmentRegion = en;
			hasScannedForEncodings = 0;
			knownRegions = (
				en,
				Base,
			);
			mainGroup = D2B1251A2905DCE800D7CC7F;
			productRefGroup = D2B125242905DCE800D7CC7F /* Products */;
			projectDirPath = "";
			projectRoot = "";
			targets = (
				D2B125222905DCE800D7CC7F /* Chat */,
			);
		};
/* End PBXProject section */

/* Begin PBXResourcesBuildPhase section */
		D2B125212905DCE800D7CC7F /* Resources */ = {
			isa = PBXResourcesBuildPhase;
			buildActionMask = 2147483647;
			files = (
				D2B125332905DCE900D7CC7F /* LaunchScreen.storyboard in Resources */,
				D205BA2C2913CA9B00D62543 /* GoogleService-Info.plist in Resources */,
				D2B125302905DCE900D7CC7F /* Assets.xcassets in Resources */,
			);
			runOnlyForDeploymentPostprocessing = 0;
		};
/* End PBXResourcesBuildPhase section */

/* Begin PBXShellScriptBuildPhase section */
		503F2E13736666EFDE67037A /* [CP] Check Pods Manifest.lock */ = {
			isa = PBXShellScriptBuildPhase;
			buildActionMask = 2147483647;
			files = (
			);
			inputFileListPaths = (
			);
			inputPaths = (
				"${PODS_PODFILE_DIR_PATH}/Podfile.lock",
				"${PODS_ROOT}/Manifest.lock",
			);
			name = "[CP] Check Pods Manifest.lock";
			outputFileListPaths = (
			);
			outputPaths = (
				"$(DERIVED_FILE_DIR)/Pods-Chat-checkManifestLockResult.txt",
			);
			runOnlyForDeploymentPostprocessing = 0;
			shellPath = /bin/sh;
			shellScript = "diff \"${PODS_PODFILE_DIR_PATH}/Podfile.lock\" \"${PODS_ROOT}/Manifest.lock\" > /dev/null\nif [ $? != 0 ] ; then\n    # print error to STDERR\n    echo \"error: The sandbox is not in sync with the Podfile.lock. Run 'pod install' or update your CocoaPods installation.\" >&2\n    exit 1\nfi\n# This output is used by Xcode 'outputs' to avoid re-running this script phase.\necho \"SUCCESS\" > \"${SCRIPT_OUTPUT_FILE_0}\"\n";
			showEnvVarsInLog = 0;
		};
		D27DDA7C29214A3000226DA9 /* ShellScript */ = {
			isa = PBXShellScriptBuildPhase;
			buildActionMask = 2147483647;
			files = (
			);
			inputFileListPaths = (
			);
			inputPaths = (
			);
			outputFileListPaths = (
			);
			outputPaths = (
			);
			runOnlyForDeploymentPostprocessing = 0;
			shellPath = /bin/sh;
			shellScript = "${PODS_ROOT}/SwiftLint/swiftlint\n";
		};
		F48A5D27F3F924B58BF1A5DD /* [CP] Embed Pods Frameworks */ = {
			isa = PBXShellScriptBuildPhase;
			buildActionMask = 2147483647;
			files = (
			);
			inputFileListPaths = (
				"${PODS_ROOT}/Target Support Files/Pods-Chat/Pods-Chat-frameworks-${CONFIGURATION}-input-files.xcfilelist",
			);
			name = "[CP] Embed Pods Frameworks";
			outputFileListPaths = (
				"${PODS_ROOT}/Target Support Files/Pods-Chat/Pods-Chat-frameworks-${CONFIGURATION}-output-files.xcfilelist",
			);
			runOnlyForDeploymentPostprocessing = 0;
			shellPath = /bin/sh;
			shellScript = "\"${PODS_ROOT}/Target Support Files/Pods-Chat/Pods-Chat-frameworks.sh\"\n";
			showEnvVarsInLog = 0;
		};
/* End PBXShellScriptBuildPhase section */

/* Begin PBXSourcesBuildPhase section */
		D2B1251F2905DCE800D7CC7F /* Sources */ = {
			isa = PBXSourcesBuildPhase;
			buildActionMask = 2147483647;
			files = (
				D2254926290A59E100E42BFD /* UITextField + Extension .swift in Sources */,
				D22E148229075B0500F762CE /* AuthorizationViewController.swift in Sources */,
				D2B125272905DCE800D7CC7F /* AppDelegate.swift in Sources */,
				D22F8DA0290CF8FE00527B36 /* UsersViewController.swift in Sources */,
				D27DDA7329212A0600226DA9 /* Human.swift in Sources */,
				D2254932290CA7BD00E42BFD /* ChatCell.swift in Sources */,
				D205B9792911531000D62543 /* ProfileViewController.swift in Sources */,
				D225491D2909CBEF00E42BFD /* UIView + Extension .swift in Sources */,
				D225492C290B2B7500E42BFD /* SetupProfileViewController.swift in Sources */,
				D22E1491290993EB00F762CE /* UIButton + Extension.swift in Sources */,
				D22E14932909A0F600F762CE /* UILabel + Extension.swift in Sources */,
				D27DDA7A29212BE400226DA9 /* AuthorizationService.swift in Sources */,
				D2272ABF290CEF2000CAC710 /* SectionHeader.swift in Sources */,
				D2254922290A55CF00E42BFD /* SignUpViewController.swift in Sources */,
				D2B125292905DCE800D7CC7F /* SceneDelegate.swift in Sources */,
				D22F8DA3290CF95100527B36 /* UsersCell.swift in Sources */,
				D2169FAB291CBF7E009F9442 /* Validators.swift in Sources */,
				D2254929290B1DB400E42BFD /* LoginViewController.swift in Sources */,
				D225491F290A474100E42BFD /* UIStackView + Extension.swift in Sources */,
				D22F8D9E290CF4EA00527B36 /* TabBarController.swift in Sources */,
				D2169FA7291B1AC4009F9442 /* UIViewController + Extension.swift in Sources */,
				D225492F290C9D1500E42BFD /* ChatViewController.swift in Sources */,
				D21B2612291E12940035FBEA /* Chat.swift in Sources */,
			);
			runOnlyForDeploymentPostprocessing = 0;
		};
/* End PBXSourcesBuildPhase section */

/* Begin PBXVariantGroup section */
		D2B125312905DCE900D7CC7F /* LaunchScreen.storyboard */ = {
			isa = PBXVariantGroup;
			children = (
				D2B125322905DCE900D7CC7F /* Base */,
			);
			name = LaunchScreen.storyboard;
			sourceTree = "<group>";
		};
/* End PBXVariantGroup section */

/* Begin XCBuildConfiguration section */
		D2B1254B2905DCEA00D7CC7F /* Debug */ = {
			isa = XCBuildConfiguration;
			buildSettings = {
				ALWAYS_SEARCH_USER_PATHS = NO;
				CLANG_ANALYZER_NONNULL = YES;
				CLANG_ANALYZER_NUMBER_OBJECT_CONVERSION = YES_AGGRESSIVE;
				CLANG_CXX_LANGUAGE_STANDARD = "gnu++20";
				CLANG_ENABLE_MODULES = YES;
				CLANG_ENABLE_OBJC_ARC = YES;
				CLANG_ENABLE_OBJC_WEAK = YES;
				CLANG_WARN_BLOCK_CAPTURE_AUTORELEASING = YES;
				CLANG_WARN_BOOL_CONVERSION = YES;
				CLANG_WARN_COMMA = YES;
				CLANG_WARN_CONSTANT_CONVERSION = YES;
				CLANG_WARN_DEPRECATED_OBJC_IMPLEMENTATIONS = YES;
				CLANG_WARN_DIRECT_OBJC_ISA_USAGE = YES_ERROR;
				CLANG_WARN_DOCUMENTATION_COMMENTS = YES;
				CLANG_WARN_EMPTY_BODY = YES;
				CLANG_WARN_ENUM_CONVERSION = YES;
				CLANG_WARN_INFINITE_RECURSION = YES;
				CLANG_WARN_INT_CONVERSION = YES;
				CLANG_WARN_NON_LITERAL_NULL_CONVERSION = YES;
				CLANG_WARN_OBJC_IMPLICIT_RETAIN_SELF = YES;
				CLANG_WARN_OBJC_LITERAL_CONVERSION = YES;
				CLANG_WARN_OBJC_ROOT_CLASS = YES_ERROR;
				CLANG_WARN_QUOTED_INCLUDE_IN_FRAMEWORK_HEADER = YES;
				CLANG_WARN_RANGE_LOOP_ANALYSIS = YES;
				CLANG_WARN_STRICT_PROTOTYPES = YES;
				CLANG_WARN_SUSPICIOUS_MOVE = YES;
				CLANG_WARN_UNGUARDED_AVAILABILITY = YES_AGGRESSIVE;
				CLANG_WARN_UNREACHABLE_CODE = YES;
				CLANG_WARN__DUPLICATE_METHOD_MATCH = YES;
				COPY_PHASE_STRIP = NO;
				DEBUG_INFORMATION_FORMAT = dwarf;
				ENABLE_STRICT_OBJC_MSGSEND = YES;
				ENABLE_TESTABILITY = YES;
				GCC_C_LANGUAGE_STANDARD = gnu11;
				GCC_DYNAMIC_NO_PIC = NO;
				GCC_NO_COMMON_BLOCKS = YES;
				GCC_OPTIMIZATION_LEVEL = 0;
				GCC_PREPROCESSOR_DEFINITIONS = (
					"DEBUG=1",
					"$(inherited)",
				);
				GCC_WARN_64_TO_32_BIT_CONVERSION = YES;
				GCC_WARN_ABOUT_RETURN_TYPE = YES_ERROR;
				GCC_WARN_UNDECLARED_SELECTOR = YES;
				GCC_WARN_UNINITIALIZED_AUTOS = YES_AGGRESSIVE;
				GCC_WARN_UNUSED_FUNCTION = YES;
				GCC_WARN_UNUSED_VARIABLE = YES;
				IPHONEOS_DEPLOYMENT_TARGET = 16.0;
				MTL_ENABLE_DEBUG_INFO = INCLUDE_SOURCE;
				MTL_FAST_MATH = YES;
				ONLY_ACTIVE_ARCH = YES;
				SDKROOT = iphoneos;
				SWIFT_ACTIVE_COMPILATION_CONDITIONS = DEBUG;
				SWIFT_OPTIMIZATION_LEVEL = "-Onone";
			};
			name = Debug;
		};
		D2B1254C2905DCEA00D7CC7F /* Release */ = {
			isa = XCBuildConfiguration;
			buildSettings = {
				ALWAYS_SEARCH_USER_PATHS = NO;
				CLANG_ANALYZER_NONNULL = YES;
				CLANG_ANALYZER_NUMBER_OBJECT_CONVERSION = YES_AGGRESSIVE;
				CLANG_CXX_LANGUAGE_STANDARD = "gnu++20";
				CLANG_ENABLE_MODULES = YES;
				CLANG_ENABLE_OBJC_ARC = YES;
				CLANG_ENABLE_OBJC_WEAK = YES;
				CLANG_WARN_BLOCK_CAPTURE_AUTORELEASING = YES;
				CLANG_WARN_BOOL_CONVERSION = YES;
				CLANG_WARN_COMMA = YES;
				CLANG_WARN_CONSTANT_CONVERSION = YES;
				CLANG_WARN_DEPRECATED_OBJC_IMPLEMENTATIONS = YES;
				CLANG_WARN_DIRECT_OBJC_ISA_USAGE = YES_ERROR;
				CLANG_WARN_DOCUMENTATION_COMMENTS = YES;
				CLANG_WARN_EMPTY_BODY = YES;
				CLANG_WARN_ENUM_CONVERSION = YES;
				CLANG_WARN_INFINITE_RECURSION = YES;
				CLANG_WARN_INT_CONVERSION = YES;
				CLANG_WARN_NON_LITERAL_NULL_CONVERSION = YES;
				CLANG_WARN_OBJC_IMPLICIT_RETAIN_SELF = YES;
				CLANG_WARN_OBJC_LITERAL_CONVERSION = YES;
				CLANG_WARN_OBJC_ROOT_CLASS = YES_ERROR;
				CLANG_WARN_QUOTED_INCLUDE_IN_FRAMEWORK_HEADER = YES;
				CLANG_WARN_RANGE_LOOP_ANALYSIS = YES;
				CLANG_WARN_STRICT_PROTOTYPES = YES;
				CLANG_WARN_SUSPICIOUS_MOVE = YES;
				CLANG_WARN_UNGUARDED_AVAILABILITY = YES_AGGRESSIVE;
				CLANG_WARN_UNREACHABLE_CODE = YES;
				CLANG_WARN__DUPLICATE_METHOD_MATCH = YES;
				COPY_PHASE_STRIP = NO;
				DEBUG_INFORMATION_FORMAT = "dwarf-with-dsym";
				ENABLE_NS_ASSERTIONS = NO;
				ENABLE_STRICT_OBJC_MSGSEND = YES;
				GCC_C_LANGUAGE_STANDARD = gnu11;
				GCC_NO_COMMON_BLOCKS = YES;
				GCC_WARN_64_TO_32_BIT_CONVERSION = YES;
				GCC_WARN_ABOUT_RETURN_TYPE = YES_ERROR;
				GCC_WARN_UNDECLARED_SELECTOR = YES;
				GCC_WARN_UNINITIALIZED_AUTOS = YES_AGGRESSIVE;
				GCC_WARN_UNUSED_FUNCTION = YES;
				GCC_WARN_UNUSED_VARIABLE = YES;
				IPHONEOS_DEPLOYMENT_TARGET = 16.0;
				MTL_ENABLE_DEBUG_INFO = NO;
				MTL_FAST_MATH = YES;
				SDKROOT = iphoneos;
				SWIFT_COMPILATION_MODE = wholemodule;
				SWIFT_OPTIMIZATION_LEVEL = "-O";
				VALIDATE_PRODUCT = YES;
			};
			name = Release;
		};
		D2B1254E2905DCEA00D7CC7F /* Debug */ = {
			isa = XCBuildConfiguration;
			baseConfigurationReference = D68DD3FDB30659F99E63395B /* Pods-Chat.debug.xcconfig */;
			buildSettings = {
				ASSETCATALOG_COMPILER_APPICON_NAME = AppIcon;
				ASSETCATALOG_COMPILER_GLOBAL_ACCENT_COLOR_NAME = AccentColor;
				CODE_SIGN_STYLE = Automatic;
				CURRENT_PROJECT_VERSION = 1;
				GCC_NO_COMMON_BLOCKS = NO;
				GENERATE_INFOPLIST_FILE = YES;
				INFOPLIST_FILE = Chat/SupportingFiles/Info.plist;
				INFOPLIST_KEY_UIApplicationSupportsIndirectInputEvents = YES;
				INFOPLIST_KEY_UILaunchStoryboardName = LaunchScreen;
				INFOPLIST_KEY_UISupportedInterfaceOrientations_iPad = "UIInterfaceOrientationPortrait UIInterfaceOrientationPortraitUpsideDown UIInterfaceOrientationLandscapeLeft UIInterfaceOrientationLandscapeRight";
				INFOPLIST_KEY_UISupportedInterfaceOrientations_iPhone = "UIInterfaceOrientationPortrait UIInterfaceOrientationLandscapeLeft UIInterfaceOrientationLandscapeRight";
				LD_RUNPATH_SEARCH_PATHS = (
					"$(inherited)",
					"@executable_path/Frameworks",
				);
				MARKETING_VERSION = 1.0;
				PRODUCT_BUNDLE_IDENTIFIER = "i-am.Chat";
				PRODUCT_NAME = "$(TARGET_NAME)";
				SWIFT_EMIT_LOC_STRINGS = YES;
				SWIFT_VERSION = 5.0;
				TARGETED_DEVICE_FAMILY = "1,2";
			};
			name = Debug;
		};
		D2B1254F2905DCEA00D7CC7F /* Release */ = {
			isa = XCBuildConfiguration;
			baseConfigurationReference = 2C8EE49E7B5534F59506CA6F /* Pods-Chat.release.xcconfig */;
			buildSettings = {
				ASSETCATALOG_COMPILER_APPICON_NAME = AppIcon;
				ASSETCATALOG_COMPILER_GLOBAL_ACCENT_COLOR_NAME = AccentColor;
				CODE_SIGN_STYLE = Automatic;
				CURRENT_PROJECT_VERSION = 1;
				GCC_NO_COMMON_BLOCKS = NO;
				GENERATE_INFOPLIST_FILE = YES;
				INFOPLIST_FILE = Chat/SupportingFiles/Info.plist;
				INFOPLIST_KEY_UIApplicationSupportsIndirectInputEvents = YES;
				INFOPLIST_KEY_UILaunchStoryboardName = LaunchScreen;
				INFOPLIST_KEY_UISupportedInterfaceOrientations_iPad = "UIInterfaceOrientationPortrait UIInterfaceOrientationPortraitUpsideDown UIInterfaceOrientationLandscapeLeft UIInterfaceOrientationLandscapeRight";
				INFOPLIST_KEY_UISupportedInterfaceOrientations_iPhone = "UIInterfaceOrientationPortrait UIInterfaceOrientationLandscapeLeft UIInterfaceOrientationLandscapeRight";
				LD_RUNPATH_SEARCH_PATHS = (
					"$(inherited)",
					"@executable_path/Frameworks",
				);
				MARKETING_VERSION = 1.0;
				ONLY_ACTIVE_ARCH = NO;
				PRODUCT_BUNDLE_IDENTIFIER = "i-am.Chat";
				PRODUCT_NAME = "$(TARGET_NAME)";
				SWIFT_EMIT_LOC_STRINGS = YES;
				SWIFT_VERSION = 5.0;
				TARGETED_DEVICE_FAMILY = "1,2";
			};
			name = Release;
		};
/* End XCBuildConfiguration section */

/* Begin XCConfigurationList section */
		D2B1251E2905DCE800D7CC7F /* Build configuration list for PBXProject "Chat" */ = {
			isa = XCConfigurationList;
			buildConfigurations = (
				D2B1254B2905DCEA00D7CC7F /* Debug */,
				D2B1254C2905DCEA00D7CC7F /* Release */,
			);
			defaultConfigurationIsVisible = 0;
			defaultConfigurationName = Release;
		};
		D2B1254D2905DCEA00D7CC7F /* Build configuration list for PBXNativeTarget "Chat" */ = {
			isa = XCConfigurationList;
			buildConfigurations = (
				D2B1254E2905DCEA00D7CC7F /* Debug */,
				D2B1254F2905DCEA00D7CC7F /* Release */,
			);
			defaultConfigurationIsVisible = 0;
			defaultConfigurationName = Release;
		};
/* End XCConfigurationList section */
	};
	rootObject = D2B1251B2905DCE800D7CC7F /* Project object */;
}
