// !$*UTF8*$!
{
	archiveVersion = 1;
	classes = {
	};
	objectVersion = 56;
	objects = {

/* Begin PBXBuildFile section */
		BC7AD18F43275B14CDF85C07 /* Pods_Chat.framework in Frameworks */ = {isa = PBXBuildFile; fileRef = 4F16ECEE7F97F2E0B72E727B /* Pods_Chat.framework */; };
		D205B9792911531000D62543 /* ProfileViewController.swift in Sources */ = {isa = PBXBuildFile; fileRef = D205B9782911531000D62543 /* ProfileViewController.swift */; };
		D205B9832912851D00D62543 /* LoginRouter.swift in Sources */ = {isa = PBXBuildFile; fileRef = D205B9822912851D00D62543 /* LoginRouter.swift */; };
		D205B9862912CEAC00D62543 /* SignUpRouter.swift in Sources */ = {isa = PBXBuildFile; fileRef = D205B9852912CEAC00D62543 /* SignUpRouter.swift */; };
		D205B9882912CEF800D62543 /* SetupProfileRouter.swift in Sources */ = {isa = PBXBuildFile; fileRef = D205B9872912CEF800D62543 /* SetupProfileRouter.swift */; };
		D205B9EB2913A96E00D62543 /* LoginPresenter.swift in Sources */ = {isa = PBXBuildFile; fileRef = D205B9E72913A96E00D62543 /* LoginPresenter.swift */; };
		D205B9EC2913A96E00D62543 /* LoginWorker.swift in Sources */ = {isa = PBXBuildFile; fileRef = D205B9E82913A96E00D62543 /* LoginWorker.swift */; };
		D205B9ED2913A96E00D62543 /* LoginModels.swift in Sources */ = {isa = PBXBuildFile; fileRef = D205B9E92913A96E00D62543 /* LoginModels.swift */; };
		D205B9EE2913A96E00D62543 /* LoginInteractor.swift in Sources */ = {isa = PBXBuildFile; fileRef = D205B9EA2913A96E00D62543 /* LoginInteractor.swift */; };
		D205B9F32913AA5300D62543 /* SignUpPresenter.swift in Sources */ = {isa = PBXBuildFile; fileRef = D205B9EF2913AA5300D62543 /* SignUpPresenter.swift */; };
		D205B9F42913AA5300D62543 /* SignUpWorker.swift in Sources */ = {isa = PBXBuildFile; fileRef = D205B9F02913AA5300D62543 /* SignUpWorker.swift */; };
		D205B9F52913AA5300D62543 /* SignUpModels.swift in Sources */ = {isa = PBXBuildFile; fileRef = D205B9F12913AA5300D62543 /* SignUpModels.swift */; };
		D205B9F62913AA5300D62543 /* SignUpInteractor.swift in Sources */ = {isa = PBXBuildFile; fileRef = D205B9F22913AA5300D62543 /* SignUpInteractor.swift */; };
		D205BA072913AB0500D62543 /* SetupProfilePresenter.swift in Sources */ = {isa = PBXBuildFile; fileRef = D205BA032913AB0500D62543 /* SetupProfilePresenter.swift */; };
		D205BA082913AB0500D62543 /* SetupProfileWorker.swift in Sources */ = {isa = PBXBuildFile; fileRef = D205BA042913AB0500D62543 /* SetupProfileWorker.swift */; };
		D205BA092913AB0500D62543 /* SetupProfileModels.swift in Sources */ = {isa = PBXBuildFile; fileRef = D205BA052913AB0500D62543 /* SetupProfileModels.swift */; };
		D205BA0A2913AB0500D62543 /* SetupProfileInteractor.swift in Sources */ = {isa = PBXBuildFile; fileRef = D205BA062913AB0500D62543 /* SetupProfileInteractor.swift */; };
		D205BA102913AB9400D62543 /* UsersPresenter.swift in Sources */ = {isa = PBXBuildFile; fileRef = D205BA0B2913AB9400D62543 /* UsersPresenter.swift */; };
		D205BA112913AB9400D62543 /* UsersWorker.swift in Sources */ = {isa = PBXBuildFile; fileRef = D205BA0C2913AB9400D62543 /* UsersWorker.swift */; };
		D205BA122913AB9400D62543 /* UsersRouter.swift in Sources */ = {isa = PBXBuildFile; fileRef = D205BA0D2913AB9400D62543 /* UsersRouter.swift */; };
		D205BA132913AB9400D62543 /* UsersModels.swift in Sources */ = {isa = PBXBuildFile; fileRef = D205BA0E2913AB9400D62543 /* UsersModels.swift */; };
		D205BA142913AB9400D62543 /* UsersInteractor.swift in Sources */ = {isa = PBXBuildFile; fileRef = D205BA0F2913AB9400D62543 /* UsersInteractor.swift */; };
		D205BA1A2913AB9F00D62543 /* ChatPresenter.swift in Sources */ = {isa = PBXBuildFile; fileRef = D205BA152913AB9F00D62543 /* ChatPresenter.swift */; };
		D205BA1B2913AB9F00D62543 /* ChatWorker.swift in Sources */ = {isa = PBXBuildFile; fileRef = D205BA162913AB9F00D62543 /* ChatWorker.swift */; };
		D205BA1C2913AB9F00D62543 /* ChatRouter.swift in Sources */ = {isa = PBXBuildFile; fileRef = D205BA172913AB9F00D62543 /* ChatRouter.swift */; };
		D205BA1D2913AB9F00D62543 /* ChatModels.swift in Sources */ = {isa = PBXBuildFile; fileRef = D205BA182913AB9F00D62543 /* ChatModels.swift */; };
		D205BA1E2913AB9F00D62543 /* ChatInteractor.swift in Sources */ = {isa = PBXBuildFile; fileRef = D205BA192913AB9F00D62543 /* ChatInteractor.swift */; };
		D205BA242913ABAC00D62543 /* ProfilePresenter.swift in Sources */ = {isa = PBXBuildFile; fileRef = D205BA1F2913ABAC00D62543 /* ProfilePresenter.swift */; };
		D205BA252913ABAC00D62543 /* ProfileWorker.swift in Sources */ = {isa = PBXBuildFile; fileRef = D205BA202913ABAC00D62543 /* ProfileWorker.swift */; };
		D205BA262913ABAC00D62543 /* ProfileRouter.swift in Sources */ = {isa = PBXBuildFile; fileRef = D205BA212913ABAC00D62543 /* ProfileRouter.swift */; };
		D205BA272913ABAC00D62543 /* ProfileModels.swift in Sources */ = {isa = PBXBuildFile; fileRef = D205BA222913ABAC00D62543 /* ProfileModels.swift */; };
		D205BA282913ABAC00D62543 /* ProfileInteractor.swift in Sources */ = {isa = PBXBuildFile; fileRef = D205BA232913ABAC00D62543 /* ProfileInteractor.swift */; };
		D205BA2C2913CA9B00D62543 /* GoogleService-Info.plist in Resources */ = {isa = PBXBuildFile; fileRef = D205BA2B2913CA9B00D62543 /* GoogleService-Info.plist */; };
		D2169FA7291B1AC4009F9442 /* UIViewController + Extension.swift in Sources */ = {isa = PBXBuildFile; fileRef = D2169FA6291B1AC4009F9442 /* UIViewController + Extension.swift */; };
		D225491D2909CBEF00E42BFD /* UIView + Extension .swift in Sources */ = {isa = PBXBuildFile; fileRef = D225491C2909CBEF00E42BFD /* UIView + Extension .swift */; };
		D225491F290A474100E42BFD /* UIStackView + Extension.swift in Sources */ = {isa = PBXBuildFile; fileRef = D225491E290A474100E42BFD /* UIStackView + Extension.swift */; };
		D2254922290A55CF00E42BFD /* SignUpViewController.swift in Sources */ = {isa = PBXBuildFile; fileRef = D2254921290A55CF00E42BFD /* SignUpViewController.swift */; };
		D2254926290A59E100E42BFD /* UITextField + Extension .swift in Sources */ = {isa = PBXBuildFile; fileRef = D2254925290A59E100E42BFD /* UITextField + Extension .swift */; };
		D2254929290B1DB400E42BFD /* LoginViewController.swift in Sources */ = {isa = PBXBuildFile; fileRef = D2254928290B1DB400E42BFD /* LoginViewController.swift */; };
		D225492C290B2B7500E42BFD /* SetupProfileViewController.swift in Sources */ = {isa = PBXBuildFile; fileRef = D225492B290B2B7500E42BFD /* SetupProfileViewController.swift */; };
		D225492F290C9D1500E42BFD /* ChatViewController.swift in Sources */ = {isa = PBXBuildFile; fileRef = D225492E290C9D1500E42BFD /* ChatViewController.swift */; };
		D2254932290CA7BD00E42BFD /* ChatCell.swift in Sources */ = {isa = PBXBuildFile; fileRef = D2254931290CA7BC00E42BFD /* ChatCell.swift */; };
		D2254934290CB06500E42BFD /* AuthorizationWorker.swift in Sources */ = {isa = PBXBuildFile; fileRef = D2254933290CB06500E42BFD /* AuthorizationWorker.swift */; };
		D2272ABF290CEF2000CAC710 /* SectionHeader.swift in Sources */ = {isa = PBXBuildFile; fileRef = D2272ABE290CEF2000CAC710 /* SectionHeader.swift */; };
		D22E1473290757B300F762CE /* AssemblyLayer.swift in Sources */ = {isa = PBXBuildFile; fileRef = D22E1472290757B300F762CE /* AssemblyLayer.swift */; };
		D22E147629075A8D00F762CE /* AuthorizationModels.swift in Sources */ = {isa = PBXBuildFile; fileRef = D22E147529075A8D00F762CE /* AuthorizationModels.swift */; };
		D22E147A29075AAD00F762CE /* AuthorizationInteractor.swift in Sources */ = {isa = PBXBuildFile; fileRef = D22E147929075AAD00F762CE /* AuthorizationInteractor.swift */; };
		D22E147C29075AB600F762CE /* AuthorizationPresenter.swift in Sources */ = {isa = PBXBuildFile; fileRef = D22E147B29075AB600F762CE /* AuthorizationPresenter.swift */; };
		D22E148029075AD500F762CE /* AuthorizationRouter.swift in Sources */ = {isa = PBXBuildFile; fileRef = D22E147F29075AD500F762CE /* AuthorizationRouter.swift */; };
		D22E148229075B0500F762CE /* AuthorizationViewController.swift in Sources */ = {isa = PBXBuildFile; fileRef = D22E148129075B0500F762CE /* AuthorizationViewController.swift */; };
		D22E1491290993EB00F762CE /* UIButton + Extension.swift in Sources */ = {isa = PBXBuildFile; fileRef = D22E1490290993EB00F762CE /* UIButton + Extension.swift */; };
		D22E14932909A0F600F762CE /* UILabel + Extension.swift in Sources */ = {isa = PBXBuildFile; fileRef = D22E14922909A0F600F762CE /* UILabel + Extension.swift */; };
		D22F8D9E290CF4EA00527B36 /* TabBarController.swift in Sources */ = {isa = PBXBuildFile; fileRef = D22F8D9D290CF4EA00527B36 /* TabBarController.swift */; };
		D22F8DA0290CF8FE00527B36 /* UsersViewController.swift in Sources */ = {isa = PBXBuildFile; fileRef = D22F8D9F290CF8FE00527B36 /* UsersViewController.swift */; };
		D22F8DA3290CF95100527B36 /* UsersCell.swift in Sources */ = {isa = PBXBuildFile; fileRef = D22F8DA2290CF95100527B36 /* UsersCell.swift */; };
		D2B125272905DCE800D7CC7F /* AppDelegate.swift in Sources */ = {isa = PBXBuildFile; fileRef = D2B125262905DCE800D7CC7F /* AppDelegate.swift */; };
		D2B125292905DCE800D7CC7F /* SceneDelegate.swift in Sources */ = {isa = PBXBuildFile; fileRef = D2B125282905DCE800D7CC7F /* SceneDelegate.swift */; };
		D2B125302905DCE900D7CC7F /* Assets.xcassets in Resources */ = {isa = PBXBuildFile; fileRef = D2B1252F2905DCE900D7CC7F /* Assets.xcassets */; };
		D2B125332905DCE900D7CC7F /* LaunchScreen.storyboard in Resources */ = {isa = PBXBuildFile; fileRef = D2B125312905DCE900D7CC7F /* LaunchScreen.storyboard */; };
		D2B125482905DCEA00D7CC7F /* ChatUITests.swift in Sources */ = {isa = PBXBuildFile; fileRef = D2B125472905DCEA00D7CC7F /* ChatUITests.swift */; };
		D2B1254A2905DCEA00D7CC7F /* ChatUITestsLaunchTests.swift in Sources */ = {isa = PBXBuildFile; fileRef = D2B125492905DCEA00D7CC7F /* ChatUITestsLaunchTests.swift */; };
/* End PBXBuildFile section */

/* Begin PBXContainerItemProxy section */
		D2B1253A2905DCEA00D7CC7F /* PBXContainerItemProxy */ = {
			isa = PBXContainerItemProxy;
			containerPortal = D2B1251B2905DCE800D7CC7F /* Project object */;
			proxyType = 1;
			remoteGlobalIDString = D2B125222905DCE800D7CC7F;
			remoteInfo = Chat;
		};
		D2B125442905DCEA00D7CC7F /* PBXContainerItemProxy */ = {
			isa = PBXContainerItemProxy;
			containerPortal = D2B1251B2905DCE800D7CC7F /* Project object */;
			proxyType = 1;
			remoteGlobalIDString = D2B125222905DCE800D7CC7F;
			remoteInfo = Chat;
		};
/* End PBXContainerItemProxy section */

/* Begin PBXFileReference section */
		02B5D9B20175B6B3A7AB8EB3 /* Pods-Chat.release.xcconfig */ = {isa = PBXFileReference; includeInIndex = 1; lastKnownFileType = text.xcconfig; name = "Pods-Chat.release.xcconfig"; path = "Target Support Files/Pods-Chat/Pods-Chat.release.xcconfig"; sourceTree = "<group>"; };
		4F16ECEE7F97F2E0B72E727B /* Pods_Chat.framework */ = {isa = PBXFileReference; explicitFileType = wrapper.framework; includeInIndex = 0; path = Pods_Chat.framework; sourceTree = BUILT_PRODUCTS_DIR; };
		CDF69496A3CC4DC593604FB0 /* Pods-Chat.debug.xcconfig */ = {isa = PBXFileReference; includeInIndex = 1; lastKnownFileType = text.xcconfig; name = "Pods-Chat.debug.xcconfig"; path = "Target Support Files/Pods-Chat/Pods-Chat.debug.xcconfig"; sourceTree = "<group>"; };
		D205B9782911531000D62543 /* ProfileViewController.swift */ = {isa = PBXFileReference; lastKnownFileType = sourcecode.swift; path = ProfileViewController.swift; sourceTree = "<group>"; };
		D205B9822912851D00D62543 /* LoginRouter.swift */ = {isa = PBXFileReference; lastKnownFileType = sourcecode.swift; path = LoginRouter.swift; sourceTree = "<group>"; };
		D205B9852912CEAC00D62543 /* SignUpRouter.swift */ = {isa = PBXFileReference; lastKnownFileType = sourcecode.swift; path = SignUpRouter.swift; sourceTree = "<group>"; };
		D205B9872912CEF800D62543 /* SetupProfileRouter.swift */ = {isa = PBXFileReference; lastKnownFileType = sourcecode.swift; path = SetupProfileRouter.swift; sourceTree = "<group>"; };
		D205B9E72913A96E00D62543 /* LoginPresenter.swift */ = {isa = PBXFileReference; lastKnownFileType = sourcecode.swift; path = LoginPresenter.swift; sourceTree = "<group>"; };
		D205B9E82913A96E00D62543 /* LoginWorker.swift */ = {isa = PBXFileReference; lastKnownFileType = sourcecode.swift; path = LoginWorker.swift; sourceTree = "<group>"; };
		D205B9E92913A96E00D62543 /* LoginModels.swift */ = {isa = PBXFileReference; lastKnownFileType = sourcecode.swift; path = LoginModels.swift; sourceTree = "<group>"; };
		D205B9EA2913A96E00D62543 /* LoginInteractor.swift */ = {isa = PBXFileReference; lastKnownFileType = sourcecode.swift; path = LoginInteractor.swift; sourceTree = "<group>"; };
		D205B9EF2913AA5300D62543 /* SignUpPresenter.swift */ = {isa = PBXFileReference; lastKnownFileType = sourcecode.swift; path = SignUpPresenter.swift; sourceTree = "<group>"; };
		D205B9F02913AA5300D62543 /* SignUpWorker.swift */ = {isa = PBXFileReference; lastKnownFileType = sourcecode.swift; path = SignUpWorker.swift; sourceTree = "<group>"; };
		D205B9F12913AA5300D62543 /* SignUpModels.swift */ = {isa = PBXFileReference; lastKnownFileType = sourcecode.swift; path = SignUpModels.swift; sourceTree = "<group>"; };
		D205B9F22913AA5300D62543 /* SignUpInteractor.swift */ = {isa = PBXFileReference; lastKnownFileType = sourcecode.swift; path = SignUpInteractor.swift; sourceTree = "<group>"; };
		D205BA032913AB0500D62543 /* SetupProfilePresenter.swift */ = {isa = PBXFileReference; lastKnownFileType = sourcecode.swift; path = SetupProfilePresenter.swift; sourceTree = "<group>"; };
		D205BA042913AB0500D62543 /* SetupProfileWorker.swift */ = {isa = PBXFileReference; lastKnownFileType = sourcecode.swift; path = SetupProfileWorker.swift; sourceTree = "<group>"; };
		D205BA052913AB0500D62543 /* SetupProfileModels.swift */ = {isa = PBXFileReference; lastKnownFileType = sourcecode.swift; path = SetupProfileModels.swift; sourceTree = "<group>"; };
		D205BA062913AB0500D62543 /* SetupProfileInteractor.swift */ = {isa = PBXFileReference; lastKnownFileType = sourcecode.swift; path = SetupProfileInteractor.swift; sourceTree = "<group>"; };
		D205BA0B2913AB9400D62543 /* UsersPresenter.swift */ = {isa = PBXFileReference; lastKnownFileType = sourcecode.swift; path = UsersPresenter.swift; sourceTree = "<group>"; };
		D205BA0C2913AB9400D62543 /* UsersWorker.swift */ = {isa = PBXFileReference; lastKnownFileType = sourcecode.swift; path = UsersWorker.swift; sourceTree = "<group>"; };
		D205BA0D2913AB9400D62543 /* UsersRouter.swift */ = {isa = PBXFileReference; lastKnownFileType = sourcecode.swift; path = UsersRouter.swift; sourceTree = "<group>"; };
		D205BA0E2913AB9400D62543 /* UsersModels.swift */ = {isa = PBXFileReference; lastKnownFileType = sourcecode.swift; path = UsersModels.swift; sourceTree = "<group>"; };
		D205BA0F2913AB9400D62543 /* UsersInteractor.swift */ = {isa = PBXFileReference; lastKnownFileType = sourcecode.swift; path = UsersInteractor.swift; sourceTree = "<group>"; };
		D205BA152913AB9F00D62543 /* ChatPresenter.swift */ = {isa = PBXFileReference; lastKnownFileType = sourcecode.swift; path = ChatPresenter.swift; sourceTree = "<group>"; };
		D205BA162913AB9F00D62543 /* ChatWorker.swift */ = {isa = PBXFileReference; lastKnownFileType = sourcecode.swift; path = ChatWorker.swift; sourceTree = "<group>"; };
		D205BA172913AB9F00D62543 /* ChatRouter.swift */ = {isa = PBXFileReference; lastKnownFileType = sourcecode.swift; path = ChatRouter.swift; sourceTree = "<group>"; };
		D205BA182913AB9F00D62543 /* ChatModels.swift */ = {isa = PBXFileReference; lastKnownFileType = sourcecode.swift; path = ChatModels.swift; sourceTree = "<group>"; };
		D205BA192913AB9F00D62543 /* ChatInteractor.swift */ = {isa = PBXFileReference; lastKnownFileType = sourcecode.swift; path = ChatInteractor.swift; sourceTree = "<group>"; };
		D205BA1F2913ABAC00D62543 /* ProfilePresenter.swift */ = {isa = PBXFileReference; lastKnownFileType = sourcecode.swift; path = ProfilePresenter.swift; sourceTree = "<group>"; };
		D205BA202913ABAC00D62543 /* ProfileWorker.swift */ = {isa = PBXFileReference; lastKnownFileType = sourcecode.swift; path = ProfileWorker.swift; sourceTree = "<group>"; };
		D205BA212913ABAC00D62543 /* ProfileRouter.swift */ = {isa = PBXFileReference; lastKnownFileType = sourcecode.swift; path = ProfileRouter.swift; sourceTree = "<group>"; };
		D205BA222913ABAC00D62543 /* ProfileModels.swift */ = {isa = PBXFileReference; lastKnownFileType = sourcecode.swift; path = ProfileModels.swift; sourceTree = "<group>"; };
		D205BA232913ABAC00D62543 /* ProfileInteractor.swift */ = {isa = PBXFileReference; lastKnownFileType = sourcecode.swift; path = ProfileInteractor.swift; sourceTree = "<group>"; };
		D205BA2B2913CA9B00D62543 /* GoogleService-Info.plist */ = {isa = PBXFileReference; fileEncoding = 4; lastKnownFileType = text.plist.xml; path = "GoogleService-Info.plist"; sourceTree = "<group>"; };
		D2169FA6291B1AC4009F9442 /* UIViewController + Extension.swift */ = {isa = PBXFileReference; lastKnownFileType = sourcecode.swift; path = "UIViewController + Extension.swift"; sourceTree = "<group>"; };
		D225491C2909CBEF00E42BFD /* UIView + Extension .swift */ = {isa = PBXFileReference; lastKnownFileType = sourcecode.swift; path = "UIView + Extension .swift"; sourceTree = "<group>"; };
		D225491E290A474100E42BFD /* UIStackView + Extension.swift */ = {isa = PBXFileReference; lastKnownFileType = sourcecode.swift; path = "UIStackView + Extension.swift"; sourceTree = "<group>"; };
		D2254921290A55CF00E42BFD /* SignUpViewController.swift */ = {isa = PBXFileReference; lastKnownFileType = sourcecode.swift; path = SignUpViewController.swift; sourceTree = "<group>"; };
		D2254925290A59E100E42BFD /* UITextField + Extension .swift */ = {isa = PBXFileReference; lastKnownFileType = sourcecode.swift; path = "UITextField + Extension .swift"; sourceTree = "<group>"; };
		D2254928290B1DB400E42BFD /* LoginViewController.swift */ = {isa = PBXFileReference; lastKnownFileType = sourcecode.swift; path = LoginViewController.swift; sourceTree = "<group>"; };
		D225492B290B2B7500E42BFD /* SetupProfileViewController.swift */ = {isa = PBXFileReference; lastKnownFileType = sourcecode.swift; path = SetupProfileViewController.swift; sourceTree = "<group>"; };
		D225492E290C9D1500E42BFD /* ChatViewController.swift */ = {isa = PBXFileReference; lastKnownFileType = sourcecode.swift; path = ChatViewController.swift; sourceTree = "<group>"; };
		D2254931290CA7BC00E42BFD /* ChatCell.swift */ = {isa = PBXFileReference; lastKnownFileType = sourcecode.swift; path = ChatCell.swift; sourceTree = "<group>"; };
		D2254933290CB06500E42BFD /* AuthorizationWorker.swift */ = {isa = PBXFileReference; lastKnownFileType = sourcecode.swift; path = AuthorizationWorker.swift; sourceTree = "<group>"; };
		D2272ABE290CEF2000CAC710 /* SectionHeader.swift */ = {isa = PBXFileReference; lastKnownFileType = sourcecode.swift; path = SectionHeader.swift; sourceTree = "<group>"; };
		D22E1472290757B300F762CE /* AssemblyLayer.swift */ = {isa = PBXFileReference; lastKnownFileType = sourcecode.swift; path = AssemblyLayer.swift; sourceTree = "<group>"; };
		D22E147529075A8D00F762CE /* AuthorizationModels.swift */ = {isa = PBXFileReference; lastKnownFileType = sourcecode.swift; path = AuthorizationModels.swift; sourceTree = "<group>"; };
		D22E147929075AAD00F762CE /* AuthorizationInteractor.swift */ = {isa = PBXFileReference; lastKnownFileType = sourcecode.swift; path = AuthorizationInteractor.swift; sourceTree = "<group>"; };
		D22E147B29075AB600F762CE /* AuthorizationPresenter.swift */ = {isa = PBXFileReference; lastKnownFileType = sourcecode.swift; path = AuthorizationPresenter.swift; sourceTree = "<group>"; };
		D22E147F29075AD500F762CE /* AuthorizationRouter.swift */ = {isa = PBXFileReference; lastKnownFileType = sourcecode.swift; path = AuthorizationRouter.swift; sourceTree = "<group>"; };
		D22E148129075B0500F762CE /* AuthorizationViewController.swift */ = {isa = PBXFileReference; lastKnownFileType = sourcecode.swift; path = AuthorizationViewController.swift; sourceTree = "<group>"; };
		D22E1490290993EB00F762CE /* UIButton + Extension.swift */ = {isa = PBXFileReference; lastKnownFileType = sourcecode.swift; path = "UIButton + Extension.swift"; sourceTree = "<group>"; };
		D22E14922909A0F600F762CE /* UILabel + Extension.swift */ = {isa = PBXFileReference; lastKnownFileType = sourcecode.swift; path = "UILabel + Extension.swift"; sourceTree = "<group>"; };
		D22F8D9D290CF4EA00527B36 /* TabBarController.swift */ = {isa = PBXFileReference; lastKnownFileType = sourcecode.swift; path = TabBarController.swift; sourceTree = "<group>"; };
		D22F8D9F290CF8FE00527B36 /* UsersViewController.swift */ = {isa = PBXFileReference; lastKnownFileType = sourcecode.swift; path = UsersViewController.swift; sourceTree = "<group>"; };
		D22F8DA2290CF95100527B36 /* UsersCell.swift */ = {isa = PBXFileReference; lastKnownFileType = sourcecode.swift; path = UsersCell.swift; sourceTree = "<group>"; };
		D2B125232905DCE800D7CC7F /* Chat.app */ = {isa = PBXFileReference; explicitFileType = wrapper.application; includeInIndex = 0; path = Chat.app; sourceTree = BUILT_PRODUCTS_DIR; };
		D2B125262905DCE800D7CC7F /* AppDelegate.swift */ = {isa = PBXFileReference; lastKnownFileType = sourcecode.swift; path = AppDelegate.swift; sourceTree = "<group>"; };
		D2B125282905DCE800D7CC7F /* SceneDelegate.swift */ = {isa = PBXFileReference; lastKnownFileType = sourcecode.swift; path = SceneDelegate.swift; sourceTree = "<group>"; };
		D2B1252F2905DCE900D7CC7F /* Assets.xcassets */ = {isa = PBXFileReference; lastKnownFileType = folder.assetcatalog; path = Assets.xcassets; sourceTree = "<group>"; };
		D2B125322905DCE900D7CC7F /* Base */ = {isa = PBXFileReference; lastKnownFileType = file.storyboard; name = Base; path = Base.lproj/LaunchScreen.storyboard; sourceTree = "<group>"; };
		D2B125342905DCE900D7CC7F /* Info.plist */ = {isa = PBXFileReference; lastKnownFileType = text.plist.xml; path = Info.plist; sourceTree = "<group>"; };
		D2B125392905DCEA00D7CC7F /* ChatTests.xctest */ = {isa = PBXFileReference; explicitFileType = wrapper.cfbundle; includeInIndex = 0; path = ChatTests.xctest; sourceTree = BUILT_PRODUCTS_DIR; };
		D2B125432905DCEA00D7CC7F /* ChatUITests.xctest */ = {isa = PBXFileReference; explicitFileType = wrapper.cfbundle; includeInIndex = 0; path = ChatUITests.xctest; sourceTree = BUILT_PRODUCTS_DIR; };
		D2B125472905DCEA00D7CC7F /* ChatUITests.swift */ = {isa = PBXFileReference; lastKnownFileType = sourcecode.swift; path = ChatUITests.swift; sourceTree = "<group>"; };
		D2B125492905DCEA00D7CC7F /* ChatUITestsLaunchTests.swift */ = {isa = PBXFileReference; lastKnownFileType = sourcecode.swift; path = ChatUITestsLaunchTests.swift; sourceTree = "<group>"; };
/* End PBXFileReference section */

/* Begin PBXFrameworksBuildPhase section */
		D2B125202905DCE800D7CC7F /* Frameworks */ = {
			isa = PBXFrameworksBuildPhase;
			buildActionMask = 2147483647;
			files = (
				BC7AD18F43275B14CDF85C07 /* Pods_Chat.framework in Frameworks */,
			);
			runOnlyForDeploymentPostprocessing = 0;
		};
		D2B125362905DCEA00D7CC7F /* Frameworks */ = {
			isa = PBXFrameworksBuildPhase;
			buildActionMask = 2147483647;
			files = (
			);
			runOnlyForDeploymentPostprocessing = 0;
		};
		D2B125402905DCEA00D7CC7F /* Frameworks */ = {
			isa = PBXFrameworksBuildPhase;
			buildActionMask = 2147483647;
			files = (
			);
			runOnlyForDeploymentPostprocessing = 0;
		};
/* End PBXFrameworksBuildPhase section */

/* Begin PBXGroup section */
		66794B847B546E18CDF06EFF /* Frameworks */ = {
			isa = PBXGroup;
			children = (
				4F16ECEE7F97F2E0B72E727B /* Pods_Chat.framework */,
			);
			name = Frameworks;
			sourceTree = "<group>";
		};
		772B143386B599D8F39E8E57 /* Pods */ = {
			isa = PBXGroup;
			children = (
				CDF69496A3CC4DC593604FB0 /* Pods-Chat.debug.xcconfig */,
				02B5D9B20175B6B3A7AB8EB3 /* Pods-Chat.release.xcconfig */,
			);
			path = Pods;
			sourceTree = "<group>";
		};
		D205B977291152E200D62543 /* Profile */ = {
			isa = PBXGroup;
			children = (
				D205BA222913ABAC00D62543 /* ProfileModels.swift */,
				D205BA202913ABAC00D62543 /* ProfileWorker.swift */,
				D205BA232913ABAC00D62543 /* ProfileInteractor.swift */,
				D205BA1F2913ABAC00D62543 /* ProfilePresenter.swift */,
				D205B9782911531000D62543 /* ProfileViewController.swift */,
				D205BA212913ABAC00D62543 /* ProfileRouter.swift */,
			);
			path = Profile;
			sourceTree = "<group>";
		};
		D205B97A29124FE100D62543 /* Athorization */ = {
			isa = PBXGroup;
			children = (
				D22E1474290757FA00F762CE /* Authorization */,
				D2254927290B1D9900E42BFD /* Login */,
				D2254920290A4AA100E42BFD /* SignUp */,
				D225492A290B2B1C00E42BFD /* SetupProfile */,
			);
			path = Athorization;
			sourceTree = "<group>";
		};
		D205B97B2912500F00D62543 /* General */ = {
			isa = PBXGroup;
			children = (
				D22F8DA1290CF90400527B36 /* Users */,
				D225492D290C9D0600E42BFD /* Chat */,
				D205B977291152E200D62543 /* Profile */,
			);
			path = General;
			sourceTree = "<group>";
		};
		D205B9842912CB8900D62543 /* Helpers */ = {
			isa = PBXGroup;
			children = (
			);
			path = Helpers;
			sourceTree = "<group>";
		};
		D2254920290A4AA100E42BFD /* SignUp */ = {
			isa = PBXGroup;
			children = (
				D205B9F12913AA5300D62543 /* SignUpModels.swift */,
				D205B9F02913AA5300D62543 /* SignUpWorker.swift */,
				D205B9F22913AA5300D62543 /* SignUpInteractor.swift */,
				D205B9EF2913AA5300D62543 /* SignUpPresenter.swift */,
				D2254921290A55CF00E42BFD /* SignUpViewController.swift */,
				D205B9852912CEAC00D62543 /* SignUpRouter.swift */,
			);
			path = SignUp;
			sourceTree = "<group>";
		};
		D2254927290B1D9900E42BFD /* Login */ = {
			isa = PBXGroup;
			children = (
				D205B9E92913A96E00D62543 /* LoginModels.swift */,
				D205B9E82913A96E00D62543 /* LoginWorker.swift */,
				D205B9EA2913A96E00D62543 /* LoginInteractor.swift */,
				D205B9E72913A96E00D62543 /* LoginPresenter.swift */,
				D2254928290B1DB400E42BFD /* LoginViewController.swift */,
				D205B9822912851D00D62543 /* LoginRouter.swift */,
			);
			path = Login;
			sourceTree = "<group>";
		};
		D225492A290B2B1C00E42BFD /* SetupProfile */ = {
			isa = PBXGroup;
			children = (
				D205BA052913AB0500D62543 /* SetupProfileModels.swift */,
				D205BA042913AB0500D62543 /* SetupProfileWorker.swift */,
				D205BA062913AB0500D62543 /* SetupProfileInteractor.swift */,
				D205BA032913AB0500D62543 /* SetupProfilePresenter.swift */,
				D225492B290B2B7500E42BFD /* SetupProfileViewController.swift */,
				D205B9872912CEF800D62543 /* SetupProfileRouter.swift */,
			);
			path = SetupProfile;
			sourceTree = "<group>";
		};
		D225492D290C9D0600E42BFD /* Chat */ = {
			isa = PBXGroup;
			children = (
				D205BA182913AB9F00D62543 /* ChatModels.swift */,
				D205BA162913AB9F00D62543 /* ChatWorker.swift */,
				D205BA192913AB9F00D62543 /* ChatInteractor.swift */,
				D205BA152913AB9F00D62543 /* ChatPresenter.swift */,
				D225492E290C9D1500E42BFD /* ChatViewController.swift */,
				D2254931290CA7BC00E42BFD /* ChatCell.swift */,
				D205BA172913AB9F00D62543 /* ChatRouter.swift */,
			);
			path = Chat;
			sourceTree = "<group>";
		};
		D2254930290C9D4600E42BFD /* Modules */ = {
			isa = PBXGroup;
			children = (
				D205B97A29124FE100D62543 /* Athorization */,
				D205B97B2912500F00D62543 /* General */,
			);
			path = Modules;
			sourceTree = "<group>";
		};
		D2272AC0290CF3A200CAC710 /* TabBarController */ = {
			isa = PBXGroup;
			children = (
				D22F8D9D290CF4EA00527B36 /* TabBarController.swift */,
			);
			path = TabBarController;
			sourceTree = "<group>";
		};
		D22E14712907579200F762CE /* AssemblyLayer */ = {
			isa = PBXGroup;
			children = (
				D22E1472290757B300F762CE /* AssemblyLayer.swift */,
			);
			path = AssemblyLayer;
			sourceTree = "<group>";
		};
		D22E1474290757FA00F762CE /* Authorization */ = {
			isa = PBXGroup;
			children = (
				D22E147529075A8D00F762CE /* AuthorizationModels.swift */,
				D2254933290CB06500E42BFD /* AuthorizationWorker.swift */,
				D22E147929075AAD00F762CE /* AuthorizationInteractor.swift */,
				D22E147B29075AB600F762CE /* AuthorizationPresenter.swift */,
				D22E148129075B0500F762CE /* AuthorizationViewController.swift */,
				D22E147F29075AD500F762CE /* AuthorizationRouter.swift */,
			);
			path = Authorization;
			sourceTree = "<group>";
		};
		D22E148E2909939E00F762CE /* Extensions */ = {
			isa = PBXGroup;
			children = (
				D2272ABE290CEF2000CAC710 /* SectionHeader.swift */,
				D22E148F290993B300F762CE /* UIKit */,
			);
			path = Extensions;
			sourceTree = "<group>";
		};
		D22E148F290993B300F762CE /* UIKit */ = {
			isa = PBXGroup;
			children = (
				D22E1490290993EB00F762CE /* UIButton + Extension.swift */,
				D22E14922909A0F600F762CE /* UILabel + Extension.swift */,
				D225491C2909CBEF00E42BFD /* UIView + Extension .swift */,
				D225491E290A474100E42BFD /* UIStackView + Extension.swift */,
				D2254925290A59E100E42BFD /* UITextField + Extension .swift */,
				D2169FA6291B1AC4009F9442 /* UIViewController + Extension.swift */,
			);
			path = UIKit;
			sourceTree = "<group>";
		};
		D22F8DA1290CF90400527B36 /* Users */ = {
			isa = PBXGroup;
			children = (
				D205BA0E2913AB9400D62543 /* UsersModels.swift */,
				D205BA0C2913AB9400D62543 /* UsersWorker.swift */,
				D205BA0F2913AB9400D62543 /* UsersInteractor.swift */,
				D205BA0B2913AB9400D62543 /* UsersPresenter.swift */,
				D22F8D9F290CF8FE00527B36 /* UsersViewController.swift */,
				D22F8DA2290CF95100527B36 /* UsersCell.swift */,
				D205BA0D2913AB9400D62543 /* UsersRouter.swift */,
			);
			path = Users;
			sourceTree = "<group>";
		};
		D2B1251A2905DCE800D7CC7F = {
			isa = PBXGroup;
			children = (
				D2B125252905DCE800D7CC7F /* Chat */,
				D2B1253C2905DCEA00D7CC7F /* ChatTests */,
				D2B125462905DCEA00D7CC7F /* ChatUITests */,
				D2B125242905DCE800D7CC7F /* Products */,
				772B143386B599D8F39E8E57 /* Pods */,
				66794B847B546E18CDF06EFF /* Frameworks */,
			);
			sourceTree = "<group>";
		};
		D2B125242905DCE800D7CC7F /* Products */ = {
			isa = PBXGroup;
			children = (
				D2B125232905DCE800D7CC7F /* Chat.app */,
				D2B125392905DCEA00D7CC7F /* ChatTests.xctest */,
				D2B125432905DCEA00D7CC7F /* ChatUITests.xctest */,
			);
			name = Products;
			sourceTree = "<group>";
		};
		D2B125252905DCE800D7CC7F /* Chat */ = {
			isa = PBXGroup;
			children = (
				D2B125562905DD2600D7CC7F /* Application */,
				D2B125572905DD3700D7CC7F /* SupportingFiles */,
				D205B9842912CB8900D62543 /* Helpers */,
				D22E148E2909939E00F762CE /* Extensions */,
				D22E14712907579200F762CE /* AssemblyLayer */,
				D2272AC0290CF3A200CAC710 /* TabBarController */,
				D2254930290C9D4600E42BFD /* Modules */,
			);
			path = Chat;
			sourceTree = "<group>";
		};
		D2B1253C2905DCEA00D7CC7F /* ChatTests */ = {
			isa = PBXGroup;
			children = (
			);
			path = ChatTests;
			sourceTree = "<group>";
		};
		D2B125462905DCEA00D7CC7F /* ChatUITests */ = {
			isa = PBXGroup;
			children = (
				D2B125472905DCEA00D7CC7F /* ChatUITests.swift */,
				D2B125492905DCEA00D7CC7F /* ChatUITestsLaunchTests.swift */,
			);
			path = ChatUITests;
			sourceTree = "<group>";
		};
		D2B125562905DD2600D7CC7F /* Application */ = {
			isa = PBXGroup;
			children = (
				D2B125262905DCE800D7CC7F /* AppDelegate.swift */,
				D2B125282905DCE800D7CC7F /* SceneDelegate.swift */,
			);
			path = Application;
			sourceTree = "<group>";
		};
		D2B125572905DD3700D7CC7F /* SupportingFiles */ = {
			isa = PBXGroup;
			children = (
				D2B1252F2905DCE900D7CC7F /* Assets.xcassets */,
				D2B125312905DCE900D7CC7F /* LaunchScreen.storyboard */,
				D205BA2B2913CA9B00D62543 /* GoogleService-Info.plist */,
				D2B125342905DCE900D7CC7F /* Info.plist */,
			);
			path = SupportingFiles;
			sourceTree = "<group>";
		};
/* End PBXGroup section */

/* Begin PBXNativeTarget section */
		D2B125222905DCE800D7CC7F /* Chat */ = {
			isa = PBXNativeTarget;
			buildConfigurationList = D2B1254D2905DCEA00D7CC7F /* Build configuration list for PBXNativeTarget "Chat" */;
			buildPhases = (
				B5F722A53222AFB624BEF14F /* [CP] Check Pods Manifest.lock */,
				D2B1251F2905DCE800D7CC7F /* Sources */,
				D2B125202905DCE800D7CC7F /* Frameworks */,
				D2B125212905DCE800D7CC7F /* Resources */,
				043C3619874A76FF41DEE4C5 /* [CP] Embed Pods Frameworks */,
			);
			buildRules = (
			);
			dependencies = (
			);
			name = Chat;
			productName = Chat;
			productReference = D2B125232905DCE800D7CC7F /* Chat.app */;
			productType = "com.apple.product-type.application";
		};
		D2B125382905DCEA00D7CC7F /* ChatTests */ = {
			isa = PBXNativeTarget;
			buildConfigurationList = D2B125502905DCEA00D7CC7F /* Build configuration list for PBXNativeTarget "ChatTests" */;
			buildPhases = (
				D2B125352905DCEA00D7CC7F /* Sources */,
				D2B125362905DCEA00D7CC7F /* Frameworks */,
				D2B125372905DCEA00D7CC7F /* Resources */,
			);
			buildRules = (
			);
			dependencies = (
				D2B1253B2905DCEA00D7CC7F /* PBXTargetDependency */,
			);
			name = ChatTests;
			productName = ChatTests;
			productReference = D2B125392905DCEA00D7CC7F /* ChatTests.xctest */;
			productType = "com.apple.product-type.bundle.unit-test";
		};
		D2B125422905DCEA00D7CC7F /* ChatUITests */ = {
			isa = PBXNativeTarget;
			buildConfigurationList = D2B125532905DCEA00D7CC7F /* Build configuration list for PBXNativeTarget "ChatUITests" */;
			buildPhases = (
				D2B1253F2905DCEA00D7CC7F /* Sources */,
				D2B125402905DCEA00D7CC7F /* Frameworks */,
				D2B125412905DCEA00D7CC7F /* Resources */,
			);
			buildRules = (
			);
			dependencies = (
				D2B125452905DCEA00D7CC7F /* PBXTargetDependency */,
			);
			name = ChatUITests;
			productName = ChatUITests;
			productReference = D2B125432905DCEA00D7CC7F /* ChatUITests.xctest */;
			productType = "com.apple.product-type.bundle.ui-testing";
		};
/* End PBXNativeTarget section */

/* Begin PBXProject section */
		D2B1251B2905DCE800D7CC7F /* Project object */ = {
			isa = PBXProject;
			attributes = {
				BuildIndependentTargetsInParallel = 1;
				LastSwiftUpdateCheck = 1400;
				LastUpgradeCheck = 1400;
				TargetAttributes = {
					D2B125222905DCE800D7CC7F = {
						CreatedOnToolsVersion = 14.0.1;
					};
					D2B125382905DCEA00D7CC7F = {
						CreatedOnToolsVersion = 14.0.1;
						LastSwiftMigration = 1400;
						TestTargetID = D2B125222905DCE800D7CC7F;
					};
					D2B125422905DCEA00D7CC7F = {
						CreatedOnToolsVersion = 14.0.1;
						TestTargetID = D2B125222905DCE800D7CC7F;
					};
				};
			};
			buildConfigurationList = D2B1251E2905DCE800D7CC7F /* Build configuration list for PBXProject "Chat" */;
			compatibilityVersion = "Xcode 14.0";
			developmentRegion = en;
			hasScannedForEncodings = 0;
			knownRegions = (
				en,
				Base,
			);
			mainGroup = D2B1251A2905DCE800D7CC7F;
			productRefGroup = D2B125242905DCE800D7CC7F /* Products */;
			projectDirPath = "";
			projectRoot = "";
			targets = (
				D2B125222905DCE800D7CC7F /* Chat */,
				D2B125382905DCEA00D7CC7F /* ChatTests */,
				D2B125422905DCEA00D7CC7F /* ChatUITests */,
			);
		};
/* End PBXProject section */

/* Begin PBXResourcesBuildPhase section */
		D2B125212905DCE800D7CC7F /* Resources */ = {
			isa = PBXResourcesBuildPhase;
			buildActionMask = 2147483647;
			files = (
				D2B125332905DCE900D7CC7F /* LaunchScreen.storyboard in Resources */,
				D205BA2C2913CA9B00D62543 /* GoogleService-Info.plist in Resources */,
				D2B125302905DCE900D7CC7F /* Assets.xcassets in Resources */,
			);
			runOnlyForDeploymentPostprocessing = 0;
		};
		D2B125372905DCEA00D7CC7F /* Resources */ = {
			isa = PBXResourcesBuildPhase;
			buildActionMask = 2147483647;
			files = (
			);
			runOnlyForDeploymentPostprocessing = 0;
		};
		D2B125412905DCEA00D7CC7F /* Resources */ = {
			isa = PBXResourcesBuildPhase;
			buildActionMask = 2147483647;
			files = (
			);
			runOnlyForDeploymentPostprocessing = 0;
		};
/* End PBXResourcesBuildPhase section */

/* Begin PBXShellScriptBuildPhase section */
		043C3619874A76FF41DEE4C5 /* [CP] Embed Pods Frameworks */ = {
			isa = PBXShellScriptBuildPhase;
			buildActionMask = 2147483647;
			files = (
			);
			inputFileListPaths = (
				"${PODS_ROOT}/Target Support Files/Pods-Chat/Pods-Chat-frameworks-${CONFIGURATION}-input-files.xcfilelist",
			);
			name = "[CP] Embed Pods Frameworks";
			outputFileListPaths = (
				"${PODS_ROOT}/Target Support Files/Pods-Chat/Pods-Chat-frameworks-${CONFIGURATION}-output-files.xcfilelist",
			);
			runOnlyForDeploymentPostprocessing = 0;
			shellPath = /bin/sh;
			shellScript = "\"${PODS_ROOT}/Target Support Files/Pods-Chat/Pods-Chat-frameworks.sh\"\n";
			showEnvVarsInLog = 0;
		};
		B5F722A53222AFB624BEF14F /* [CP] Check Pods Manifest.lock */ = {
			isa = PBXShellScriptBuildPhase;
			buildActionMask = 2147483647;
			files = (
			);
			inputFileListPaths = (
			);
			inputPaths = (
				"${PODS_PODFILE_DIR_PATH}/Podfile.lock",
				"${PODS_ROOT}/Manifest.lock",
			);
			name = "[CP] Check Pods Manifest.lock";
			outputFileListPaths = (
			);
			outputPaths = (
				"$(DERIVED_FILE_DIR)/Pods-Chat-checkManifestLockResult.txt",
			);
			runOnlyForDeploymentPostprocessing = 0;
			shellPath = /bin/sh;
			shellScript = "diff \"${PODS_PODFILE_DIR_PATH}/Podfile.lock\" \"${PODS_ROOT}/Manifest.lock\" > /dev/null\nif [ $? != 0 ] ; then\n    # print error to STDERR\n    echo \"error: The sandbox is not in sync with the Podfile.lock. Run 'pod install' or update your CocoaPods installation.\" >&2\n    exit 1\nfi\n# This output is used by Xcode 'outputs' to avoid re-running this script phase.\necho \"SUCCESS\" > \"${SCRIPT_OUTPUT_FILE_0}\"\n";
			showEnvVarsInLog = 0;
		};
/* End PBXShellScriptBuildPhase section */

/* Begin PBXSourcesBuildPhase section */
		D2B1251F2905DCE800D7CC7F /* Sources */ = {
			isa = PBXSourcesBuildPhase;
			buildActionMask = 2147483647;
			files = (
				D2254926290A59E100E42BFD /* UITextField + Extension .swift in Sources */,
				D205BA0A2913AB0500D62543 /* SetupProfileInteractor.swift in Sources */,
				D205B9F52913AA5300D62543 /* SignUpModels.swift in Sources */,
				D205BA1A2913AB9F00D62543 /* ChatPresenter.swift in Sources */,
				D205BA082913AB0500D62543 /* SetupProfileWorker.swift in Sources */,
				D22E148229075B0500F762CE /* AuthorizationViewController.swift in Sources */,
				D2B125272905DCE800D7CC7F /* AppDelegate.swift in Sources */,
				D205B9832912851D00D62543 /* LoginRouter.swift in Sources */,
				D22F8DA0290CF8FE00527B36 /* UsersViewController.swift in Sources */,
				D2254932290CA7BD00E42BFD /* ChatCell.swift in Sources */,
				D205BA252913ABAC00D62543 /* ProfileWorker.swift in Sources */,
				D22E147C29075AB600F762CE /* AuthorizationPresenter.swift in Sources */,
				D205B9792911531000D62543 /* ProfileViewController.swift in Sources */,
				D205B9862912CEAC00D62543 /* SignUpRouter.swift in Sources */,
				D22E147629075A8D00F762CE /* AuthorizationModels.swift in Sources */,
				D2254934290CB06500E42BFD /* AuthorizationWorker.swift in Sources */,
				D205BA1D2913AB9F00D62543 /* ChatModels.swift in Sources */,
				D205BA272913ABAC00D62543 /* ProfileModels.swift in Sources */,
				D205BA072913AB0500D62543 /* SetupProfilePresenter.swift in Sources */,
				D22E147A29075AAD00F762CE /* AuthorizationInteractor.swift in Sources */,
				D205BA242913ABAC00D62543 /* ProfilePresenter.swift in Sources */,
				D225491D2909CBEF00E42BFD /* UIView + Extension .swift in Sources */,
				D225492C290B2B7500E42BFD /* SetupProfileViewController.swift in Sources */,
				D22E1491290993EB00F762CE /* UIButton + Extension.swift in Sources */,
				D22E14932909A0F600F762CE /* UILabel + Extension.swift in Sources */,
				D2272ABF290CEF2000CAC710 /* SectionHeader.swift in Sources */,
				D205BA1C2913AB9F00D62543 /* ChatRouter.swift in Sources */,
				D2254922290A55CF00E42BFD /* SignUpViewController.swift in Sources */,
				D205BA092913AB0500D62543 /* SetupProfileModels.swift in Sources */,
				D205BA112913AB9400D62543 /* UsersWorker.swift in Sources */,
				D2B125292905DCE800D7CC7F /* SceneDelegate.swift in Sources */,
				D205BA142913AB9400D62543 /* UsersInteractor.swift in Sources */,
				D22F8DA3290CF95100527B36 /* UsersCell.swift in Sources */,
				D205BA102913AB9400D62543 /* UsersPresenter.swift in Sources */,
				D205B9EB2913A96E00D62543 /* LoginPresenter.swift in Sources */,
				D22E148029075AD500F762CE /* AuthorizationRouter.swift in Sources */,
				D2254929290B1DB400E42BFD /* LoginViewController.swift in Sources */,
				D205B9EE2913A96E00D62543 /* LoginInteractor.swift in Sources */,
				D225491F290A474100E42BFD /* UIStackView + Extension.swift in Sources */,
				D205B9EC2913A96E00D62543 /* LoginWorker.swift in Sources */,
				D205BA1B2913AB9F00D62543 /* ChatWorker.swift in Sources */,
				D205BA262913ABAC00D62543 /* ProfileRouter.swift in Sources */,
				D22F8D9E290CF4EA00527B36 /* TabBarController.swift in Sources */,
				D22E1473290757B300F762CE /* AssemblyLayer.swift in Sources */,
				D205BA132913AB9400D62543 /* UsersModels.swift in Sources */,
				D205B9F42913AA5300D62543 /* SignUpWorker.swift in Sources */,
				D205B9ED2913A96E00D62543 /* LoginModels.swift in Sources */,
				D205BA122913AB9400D62543 /* UsersRouter.swift in Sources */,
				D205B9882912CEF800D62543 /* SetupProfileRouter.swift in Sources */,
				D205B9F32913AA5300D62543 /* SignUpPresenter.swift in Sources */,
				D205B9F62913AA5300D62543 /* SignUpInteractor.swift in Sources */,
				D2169FA7291B1AC4009F9442 /* UIViewController + Extension.swift in Sources */,
				D225492F290C9D1500E42BFD /* ChatViewController.swift in Sources */,
				D205BA282913ABAC00D62543 /* ProfileInteractor.swift in Sources */,
				D205BA1E2913AB9F00D62543 /* ChatInteractor.swift in Sources */,
			);
			runOnlyForDeploymentPostprocessing = 0;
		};
		D2B125352905DCEA00D7CC7F /* Sources */ = {
			isa = PBXSourcesBuildPhase;
			buildActionMask = 2147483647;
			files = (
			);
			runOnlyForDeploymentPostprocessing = 0;
		};
		D2B1253F2905DCEA00D7CC7F /* Sources */ = {
			isa = PBXSourcesBuildPhase;
			buildActionMask = 2147483647;
			files = (
				D2B1254A2905DCEA00D7CC7F /* ChatUITestsLaunchTests.swift in Sources */,
				D2B125482905DCEA00D7CC7F /* ChatUITests.swift in Sources */,
			);
			runOnlyForDeploymentPostprocessing = 0;
		};
/* End PBXSourcesBuildPhase section */

/* Begin PBXTargetDependency section */
		D2B1253B2905DCEA00D7CC7F /* PBXTargetDependency */ = {
			isa = PBXTargetDependency;
			target = D2B125222905DCE800D7CC7F /* Chat */;
			targetProxy = D2B1253A2905DCEA00D7CC7F /* PBXContainerItemProxy */;
		};
		D2B125452905DCEA00D7CC7F /* PBXTargetDependency */ = {
			isa = PBXTargetDependency;
			target = D2B125222905DCE800D7CC7F /* Chat */;
			targetProxy = D2B125442905DCEA00D7CC7F /* PBXContainerItemProxy */;
		};
/* End PBXTargetDependency section */

/* Begin PBXVariantGroup section */
		D2B125312905DCE900D7CC7F /* LaunchScreen.storyboard */ = {
			isa = PBXVariantGroup;
			children = (
				D2B125322905DCE900D7CC7F /* Base */,
			);
			name = LaunchScreen.storyboard;
			sourceTree = "<group>";
		};
/* End PBXVariantGroup section */

/* Begin XCBuildConfiguration section */
		D2B1254B2905DCEA00D7CC7F /* Debug */ = {
			isa = XCBuildConfiguration;
			buildSettings = {
				ALWAYS_SEARCH_USER_PATHS = NO;
				CLANG_ANALYZER_NONNULL = YES;
				CLANG_ANALYZER_NUMBER_OBJECT_CONVERSION = YES_AGGRESSIVE;
				CLANG_CXX_LANGUAGE_STANDARD = "gnu++20";
				CLANG_ENABLE_MODULES = YES;
				CLANG_ENABLE_OBJC_ARC = YES;
				CLANG_ENABLE_OBJC_WEAK = YES;
				CLANG_WARN_BLOCK_CAPTURE_AUTORELEASING = YES;
				CLANG_WARN_BOOL_CONVERSION = YES;
				CLANG_WARN_COMMA = YES;
				CLANG_WARN_CONSTANT_CONVERSION = YES;
				CLANG_WARN_DEPRECATED_OBJC_IMPLEMENTATIONS = YES;
				CLANG_WARN_DIRECT_OBJC_ISA_USAGE = YES_ERROR;
				CLANG_WARN_DOCUMENTATION_COMMENTS = YES;
				CLANG_WARN_EMPTY_BODY = YES;
				CLANG_WARN_ENUM_CONVERSION = YES;
				CLANG_WARN_INFINITE_RECURSION = YES;
				CLANG_WARN_INT_CONVERSION = YES;
				CLANG_WARN_NON_LITERAL_NULL_CONVERSION = YES;
				CLANG_WARN_OBJC_IMPLICIT_RETAIN_SELF = YES;
				CLANG_WARN_OBJC_LITERAL_CONVERSION = YES;
				CLANG_WARN_OBJC_ROOT_CLASS = YES_ERROR;
				CLANG_WARN_QUOTED_INCLUDE_IN_FRAMEWORK_HEADER = YES;
				CLANG_WARN_RANGE_LOOP_ANALYSIS = YES;
				CLANG_WARN_STRICT_PROTOTYPES = YES;
				CLANG_WARN_SUSPICIOUS_MOVE = YES;
				CLANG_WARN_UNGUARDED_AVAILABILITY = YES_AGGRESSIVE;
				CLANG_WARN_UNREACHABLE_CODE = YES;
				CLANG_WARN__DUPLICATE_METHOD_MATCH = YES;
				COPY_PHASE_STRIP = NO;
				DEBUG_INFORMATION_FORMAT = dwarf;
				ENABLE_STRICT_OBJC_MSGSEND = YES;
				ENABLE_TESTABILITY = YES;
				GCC_C_LANGUAGE_STANDARD = gnu11;
				GCC_DYNAMIC_NO_PIC = NO;
				GCC_NO_COMMON_BLOCKS = NO;
				GCC_OPTIMIZATION_LEVEL = 0;
				GCC_PREPROCESSOR_DEFINITIONS = (
					"DEBUG=1",
					"$(inherited)",
				);
				GCC_WARN_64_TO_32_BIT_CONVERSION = YES;
				GCC_WARN_ABOUT_RETURN_TYPE = YES_ERROR;
				GCC_WARN_UNDECLARED_SELECTOR = YES;
				GCC_WARN_UNINITIALIZED_AUTOS = YES_AGGRESSIVE;
				GCC_WARN_UNUSED_FUNCTION = YES;
				GCC_WARN_UNUSED_VARIABLE = YES;
				IPHONEOS_DEPLOYMENT_TARGET = 16.0;
				MTL_ENABLE_DEBUG_INFO = INCLUDE_SOURCE;
				MTL_FAST_MATH = YES;
				ONLY_ACTIVE_ARCH = YES;
				SDKROOT = iphoneos;
				SWIFT_ACTIVE_COMPILATION_CONDITIONS = DEBUG;
				SWIFT_OPTIMIZATION_LEVEL = "-Onone";
			};
			name = Debug;
		};
		D2B1254C2905DCEA00D7CC7F /* Release */ = {
			isa = XCBuildConfiguration;
			buildSettings = {
				ALWAYS_SEARCH_USER_PATHS = NO;
				CLANG_ANALYZER_NONNULL = YES;
				CLANG_ANALYZER_NUMBER_OBJECT_CONVERSION = YES_AGGRESSIVE;
				CLANG_CXX_LANGUAGE_STANDARD = "gnu++20";
				CLANG_ENABLE_MODULES = YES;
				CLANG_ENABLE_OBJC_ARC = YES;
				CLANG_ENABLE_OBJC_WEAK = YES;
				CLANG_WARN_BLOCK_CAPTURE_AUTORELEASING = YES;
				CLANG_WARN_BOOL_CONVERSION = YES;
				CLANG_WARN_COMMA = YES;
				CLANG_WARN_CONSTANT_CONVERSION = YES;
				CLANG_WARN_DEPRECATED_OBJC_IMPLEMENTATIONS = YES;
				CLANG_WARN_DIRECT_OBJC_ISA_USAGE = YES_ERROR;
				CLANG_WARN_DOCUMENTATION_COMMENTS = YES;
				CLANG_WARN_EMPTY_BODY = YES;
				CLANG_WARN_ENUM_CONVERSION = YES;
				CLANG_WARN_INFINITE_RECURSION = YES;
				CLANG_WARN_INT_CONVERSION = YES;
				CLANG_WARN_NON_LITERAL_NULL_CONVERSION = YES;
				CLANG_WARN_OBJC_IMPLICIT_RETAIN_SELF = YES;
				CLANG_WARN_OBJC_LITERAL_CONVERSION = YES;
				CLANG_WARN_OBJC_ROOT_CLASS = YES_ERROR;
				CLANG_WARN_QUOTED_INCLUDE_IN_FRAMEWORK_HEADER = YES;
				CLANG_WARN_RANGE_LOOP_ANALYSIS = YES;
				CLANG_WARN_STRICT_PROTOTYPES = YES;
				CLANG_WARN_SUSPICIOUS_MOVE = YES;
				CLANG_WARN_UNGUARDED_AVAILABILITY = YES_AGGRESSIVE;
				CLANG_WARN_UNREACHABLE_CODE = YES;
				CLANG_WARN__DUPLICATE_METHOD_MATCH = YES;
				COPY_PHASE_STRIP = NO;
				DEBUG_INFORMATION_FORMAT = "dwarf-with-dsym";
				ENABLE_NS_ASSERTIONS = NO;
				ENABLE_STRICT_OBJC_MSGSEND = YES;
				GCC_C_LANGUAGE_STANDARD = gnu11;
				GCC_NO_COMMON_BLOCKS = NO;
				GCC_WARN_64_TO_32_BIT_CONVERSION = YES;
				GCC_WARN_ABOUT_RETURN_TYPE = YES_ERROR;
				GCC_WARN_UNDECLARED_SELECTOR = YES;
				GCC_WARN_UNINITIALIZED_AUTOS = YES_AGGRESSIVE;
				GCC_WARN_UNUSED_FUNCTION = YES;
				GCC_WARN_UNUSED_VARIABLE = YES;
				IPHONEOS_DEPLOYMENT_TARGET = 16.0;
				MTL_ENABLE_DEBUG_INFO = NO;
				MTL_FAST_MATH = YES;
				SDKROOT = iphoneos;
				SWIFT_COMPILATION_MODE = wholemodule;
				SWIFT_OPTIMIZATION_LEVEL = "-O";
				VALIDATE_PRODUCT = YES;
			};
			name = Release;
		};
		D2B1254E2905DCEA00D7CC7F /* Debug */ = {
			isa = XCBuildConfiguration;
			baseConfigurationReference = CDF69496A3CC4DC593604FB0 /* Pods-Chat.debug.xcconfig */;
			buildSettings = {
				ASSETCATALOG_COMPILER_APPICON_NAME = AppIcon;
				ASSETCATALOG_COMPILER_GLOBAL_ACCENT_COLOR_NAME = AccentColor;
				CODE_SIGN_STYLE = Automatic;
				CURRENT_PROJECT_VERSION = 1;
				GENERATE_INFOPLIST_FILE = YES;
				INFOPLIST_FILE = Chat/SupportingFiles/Info.plist;
				INFOPLIST_KEY_UIApplicationSupportsIndirectInputEvents = YES;
				INFOPLIST_KEY_UILaunchStoryboardName = LaunchScreen;
				INFOPLIST_KEY_UISupportedInterfaceOrientations_iPad = "UIInterfaceOrientationPortrait UIInterfaceOrientationPortraitUpsideDown UIInterfaceOrientationLandscapeLeft UIInterfaceOrientationLandscapeRight";
				INFOPLIST_KEY_UISupportedInterfaceOrientations_iPhone = "UIInterfaceOrientationPortrait UIInterfaceOrientationLandscapeLeft UIInterfaceOrientationLandscapeRight";
				LD_RUNPATH_SEARCH_PATHS = (
					"$(inherited)",
					"@executable_path/Frameworks",
				);
				MARKETING_VERSION = 1.0;
				PRODUCT_BUNDLE_IDENTIFIER = "i-am.Chat";
				PRODUCT_NAME = "$(TARGET_NAME)";
				SWIFT_EMIT_LOC_STRINGS = YES;
				SWIFT_VERSION = 5.0;
				TARGETED_DEVICE_FAMILY = "1,2";
			};
			name = Debug;
		};
		D2B1254F2905DCEA00D7CC7F /* Release */ = {
			isa = XCBuildConfiguration;
			baseConfigurationReference = 02B5D9B20175B6B3A7AB8EB3 /* Pods-Chat.release.xcconfig */;
			buildSettings = {
				ASSETCATALOG_COMPILER_APPICON_NAME = AppIcon;
				ASSETCATALOG_COMPILER_GLOBAL_ACCENT_COLOR_NAME = AccentColor;
				CODE_SIGN_STYLE = Automatic;
				CURRENT_PROJECT_VERSION = 1;
				GENERATE_INFOPLIST_FILE = YES;
				INFOPLIST_FILE = Chat/SupportingFiles/Info.plist;
				INFOPLIST_KEY_UIApplicationSupportsIndirectInputEvents = YES;
				INFOPLIST_KEY_UILaunchStoryboardName = LaunchScreen;
				INFOPLIST_KEY_UISupportedInterfaceOrientations_iPad = "UIInterfaceOrientationPortrait UIInterfaceOrientationPortraitUpsideDown UIInterfaceOrientationLandscapeLeft UIInterfaceOrientationLandscapeRight";
				INFOPLIST_KEY_UISupportedInterfaceOrientations_iPhone = "UIInterfaceOrientationPortrait UIInterfaceOrientationLandscapeLeft UIInterfaceOrientationLandscapeRight";
				LD_RUNPATH_SEARCH_PATHS = (
					"$(inherited)",
					"@executable_path/Frameworks",
				);
				MARKETING_VERSION = 1.0;
				PRODUCT_BUNDLE_IDENTIFIER = "i-am.Chat";
				PRODUCT_NAME = "$(TARGET_NAME)";
				SWIFT_EMIT_LOC_STRINGS = YES;
				SWIFT_VERSION = 5.0;
				TARGETED_DEVICE_FAMILY = "1,2";
			};
			name = Release;
		};
		D2B125512905DCEA00D7CC7F /* Debug */ = {
			isa = XCBuildConfiguration;
			buildSettings = {
				ALWAYS_EMBED_SWIFT_STANDARD_LIBRARIES = YES;
				BUNDLE_LOADER = "$(TEST_HOST)";
				CLANG_ENABLE_MODULES = YES;
				CODE_SIGN_STYLE = Automatic;
				CURRENT_PROJECT_VERSION = 1;
				GENERATE_INFOPLIST_FILE = YES;
				IPHONEOS_DEPLOYMENT_TARGET = 16.0;
				LD_RUNPATH_SEARCH_PATHS = (
					"$(inherited)",
					"@executable_path/Frameworks",
					"@loader_path/Frameworks",
				);
				MARKETING_VERSION = 1.0;
				PRODUCT_BUNDLE_IDENTIFIER = "i-am.ChatTests";
				PRODUCT_NAME = "$(TARGET_NAME)";
				SWIFT_EMIT_LOC_STRINGS = NO;
				SWIFT_OPTIMIZATION_LEVEL = "-Onone";
				SWIFT_VERSION = 5.0;
				TARGETED_DEVICE_FAMILY = "1,2";
				TEST_HOST = "$(BUILT_PRODUCTS_DIR)/Chat.app/$(BUNDLE_EXECUTABLE_FOLDER_PATH)/Chat";
			};
			name = Debug;
		};
		D2B125522905DCEA00D7CC7F /* Release */ = {
			isa = XCBuildConfiguration;
			buildSettings = {
				ALWAYS_EMBED_SWIFT_STANDARD_LIBRARIES = YES;
				BUNDLE_LOADER = "$(TEST_HOST)";
				CLANG_ENABLE_MODULES = YES;
				CODE_SIGN_STYLE = Automatic;
				CURRENT_PROJECT_VERSION = 1;
				GENERATE_INFOPLIST_FILE = YES;
				IPHONEOS_DEPLOYMENT_TARGET = 16.0;
				LD_RUNPATH_SEARCH_PATHS = (
					"$(inherited)",
					"@executable_path/Frameworks",
					"@loader_path/Frameworks",
				);
				MARKETING_VERSION = 1.0;
				PRODUCT_BUNDLE_IDENTIFIER = "i-am.ChatTests";
				PRODUCT_NAME = "$(TARGET_NAME)";
				SWIFT_EMIT_LOC_STRINGS = NO;
				SWIFT_VERSION = 5.0;
				TARGETED_DEVICE_FAMILY = "1,2";
				TEST_HOST = "$(BUILT_PRODUCTS_DIR)/Chat.app/$(BUNDLE_EXECUTABLE_FOLDER_PATH)/Chat";
			};
			name = Release;
		};
		D2B125542905DCEA00D7CC7F /* Debug */ = {
			isa = XCBuildConfiguration;
			buildSettings = {
				ALWAYS_EMBED_SWIFT_STANDARD_LIBRARIES = YES;
				CODE_SIGN_STYLE = Automatic;
				CURRENT_PROJECT_VERSION = 1;
				GENERATE_INFOPLIST_FILE = YES;
				MARKETING_VERSION = 1.0;
				PRODUCT_BUNDLE_IDENTIFIER = "i-am.ChatUITests";
				PRODUCT_NAME = "$(TARGET_NAME)";
				SWIFT_EMIT_LOC_STRINGS = NO;
				SWIFT_VERSION = 5.0;
				TARGETED_DEVICE_FAMILY = "1,2";
				TEST_TARGET_NAME = Chat;
			};
			name = Debug;
		};
		D2B125552905DCEA00D7CC7F /* Release */ = {
			isa = XCBuildConfiguration;
			buildSettings = {
				ALWAYS_EMBED_SWIFT_STANDARD_LIBRARIES = YES;
				CODE_SIGN_STYLE = Automatic;
				CURRENT_PROJECT_VERSION = 1;
				GENERATE_INFOPLIST_FILE = YES;
				MARKETING_VERSION = 1.0;
				PRODUCT_BUNDLE_IDENTIFIER = "i-am.ChatUITests";
				PRODUCT_NAME = "$(TARGET_NAME)";
				SWIFT_EMIT_LOC_STRINGS = NO;
				SWIFT_VERSION = 5.0;
				TARGETED_DEVICE_FAMILY = "1,2";
				TEST_TARGET_NAME = Chat;
			};
			name = Release;
		};
/* End XCBuildConfiguration section */

/* Begin XCConfigurationList section */
		D2B1251E2905DCE800D7CC7F /* Build configuration list for PBXProject "Chat" */ = {
			isa = XCConfigurationList;
			buildConfigurations = (
				D2B1254B2905DCEA00D7CC7F /* Debug */,
				D2B1254C2905DCEA00D7CC7F /* Release */,
			);
			defaultConfigurationIsVisible = 0;
			defaultConfigurationName = Release;
		};
		D2B1254D2905DCEA00D7CC7F /* Build configuration list for PBXNativeTarget "Chat" */ = {
			isa = XCConfigurationList;
			buildConfigurations = (
				D2B1254E2905DCEA00D7CC7F /* Debug */,
				D2B1254F2905DCEA00D7CC7F /* Release */,
			);
			defaultConfigurationIsVisible = 0;
			defaultConfigurationName = Release;
		};
		D2B125502905DCEA00D7CC7F /* Build configuration list for PBXNativeTarget "ChatTests" */ = {
			isa = XCConfigurationList;
			buildConfigurations = (
				D2B125512905DCEA00D7CC7F /* Debug */,
				D2B125522905DCEA00D7CC7F /* Release */,
			);
			defaultConfigurationIsVisible = 0;
			defaultConfigurationName = Release;
		};
		D2B125532905DCEA00D7CC7F /* Build configuration list for PBXNativeTarget "ChatUITests" */ = {
			isa = XCConfigurationList;
			buildConfigurations = (
				D2B125542905DCEA00D7CC7F /* Debug */,
				D2B125552905DCEA00D7CC7F /* Release */,
			);
			defaultConfigurationIsVisible = 0;
			defaultConfigurationName = Release;
		};
/* End XCConfigurationList section */
	};
	rootObject = D2B1251B2905DCE800D7CC7F /* Project object */;
}
